// !$*UTF8*$!
{
	archiveVersion = 1;
	classes = {
	};
	objectVersion = 56;
	objects = {

/* Begin PBXBuildFile section */
		053FA1502B8FF3E700EBA3C2 /* DateFormatters+Presets.swift in Sources */ = {isa = PBXBuildFile; fileRef = 053FA14F2B8FF3E700EBA3C2 /* DateFormatters+Presets.swift */; };
		055AB7342B946C3F00D78C99 /* NftStorage.swift in Sources */ = {isa = PBXBuildFile; fileRef = 055AB7332B946C3F00D78C99 /* NftStorage.swift */; };
		055AB7362B946C4700D78C99 /* ProfileStorage.swift in Sources */ = {isa = PBXBuildFile; fileRef = 055AB7352B946C4700D78C99 /* ProfileStorage.swift */; };
		055AB7382B946E8300D78C99 /* UIView+Constraints.swift in Sources */ = {isa = PBXBuildFile; fileRef = 055AB7372B946E8300D78C99 /* UIView+Constraints.swift */; };
		055AB73A2B946EC100D78C99 /* NetworkToken.swift in Sources */ = {isa = PBXBuildFile; fileRef = 055AB7392B946EC100D78C99 /* NetworkToken.swift */; };
		055AB7422B9471F400D78C99 /* EditingProfileViewController.swift in Sources */ = {isa = PBXBuildFile; fileRef = 055AB7412B9471F400D78C99 /* EditingProfileViewController.swift */; };
		055AB7442B9471FC00D78C99 /* EditingProfileViewControllerPresenter.swift in Sources */ = {isa = PBXBuildFile; fileRef = 055AB7432B9471FC00D78C99 /* EditingProfileViewControllerPresenter.swift */; };
		055AB7462B94725D00D78C99 /* FavouritesNFTViewController.swift in Sources */ = {isa = PBXBuildFile; fileRef = 055AB7452B94725D00D78C99 /* FavouritesNFTViewController.swift */; };
		055AB7482B94726600D78C99 /* MyNFTViewController.swift in Sources */ = {isa = PBXBuildFile; fileRef = 055AB7472B94726600D78C99 /* MyNFTViewController.swift */; };
		055AB74D2B94732B00D78C99 /* LinePageControl.swift in Sources */ = {isa = PBXBuildFile; fileRef = 055AB74C2B94732B00D78C99 /* LinePageControl.swift */; };
		055AB74F2B94733300D78C99 /* LoadingView.swift in Sources */ = {isa = PBXBuildFile; fileRef = 055AB74E2B94733300D78C99 /* LoadingView.swift */; };
		055AB7512B94733D00D78C99 /* ErrorView.swift in Sources */ = {isa = PBXBuildFile; fileRef = 055AB7502B94733D00D78C99 /* ErrorView.swift */; };
		055AB7542B9473B200D78C99 /* TestCatalogController.swift in Sources */ = {isa = PBXBuildFile; fileRef = 055AB7532B9473B200D78C99 /* TestCatalogController.swift */; };
		055AB7582B94757200D78C99 /* ExampleRequest.swift in Sources */ = {isa = PBXBuildFile; fileRef = 055AB7572B94757200D78C99 /* ExampleRequest.swift */; };
		055AB75A2B94757B00D78C99 /* NftByIdRequest.swift in Sources */ = {isa = PBXBuildFile; fileRef = 055AB7592B94757B00D78C99 /* NftByIdRequest.swift */; };
		055AB75C2B94758600D78C99 /* ProfileGetRequest.swift in Sources */ = {isa = PBXBuildFile; fileRef = 055AB75B2B94758600D78C99 /* ProfileGetRequest.swift */; };
		055AB75E2B94758D00D78C99 /* ProfilePutRequest.swift in Sources */ = {isa = PBXBuildFile; fileRef = 055AB75D2B94758D00D78C99 /* ProfilePutRequest.swift */; };
		055AB7602B94759500D78C99 /* RequestConstants.swift in Sources */ = {isa = PBXBuildFile; fileRef = 055AB75F2B94759500D78C99 /* RequestConstants.swift */; };
		055AB7622B94759D00D78C99 /* ServicesAssemly.swift in Sources */ = {isa = PBXBuildFile; fileRef = 055AB7612B94759D00D78C99 /* ServicesAssemly.swift */; };
		055AB7642B9475A700D78C99 /* NftService.swift in Sources */ = {isa = PBXBuildFile; fileRef = 055AB7632B9475A700D78C99 /* NftService.swift */; };
		055AB7662B9475E200D78C99 /* ProfileService.swift in Sources */ = {isa = PBXBuildFile; fileRef = 055AB7652B9475E200D78C99 /* ProfileService.swift */; };
		055AB7812B95C67500D78C99 /* RatingView.swift in Sources */ = {isa = PBXBuildFile; fileRef = 055AB7802B95C67500D78C99 /* RatingView.swift */; };
		055AB7832B95C69300D78C99 /* MyNFTPresenter.swift in Sources */ = {isa = PBXBuildFile; fileRef = 055AB7822B95C69300D78C99 /* MyNFTPresenter.swift */; };
		055AB7852B95C69A00D78C99 /* MyNFTCell.swift in Sources */ = {isa = PBXBuildFile; fileRef = 055AB7842B95C69A00D78C99 /* MyNFTCell.swift */; };
		055AB7872B95C6A200D78C99 /* MyNFTCellPresenter.swift in Sources */ = {isa = PBXBuildFile; fileRef = 055AB7862B95C6A200D78C99 /* MyNFTCellPresenter.swift */; };
		05B442742B7BD8A7009055C7 /* WebViewViewController.swift in Sources */ = {isa = PBXBuildFile; fileRef = 05B442732B7BD8A7009055C7 /* WebViewViewController.swift */; };
		05B4428C2B7BDEA2009055C7 /* ProfileModelEditing.swift in Sources */ = {isa = PBXBuildFile; fileRef = 05B4428B2B7BDEA2009055C7 /* ProfileModelEditing.swift */; };
		05B4428E2B7BDEAD009055C7 /* ProfileModelNetwork.swift in Sources */ = {isa = PBXBuildFile; fileRef = 05B4428D2B7BDEAD009055C7 /* ProfileModelNetwork.swift */; };
		05B442902B7BDEBC009055C7 /* Nft.swift in Sources */ = {isa = PBXBuildFile; fileRef = 05B4428F2B7BDEBC009055C7 /* Nft.swift */; };
		05B4429E2B7BF587009055C7 /* CellsReusingUtils.swift in Sources */ = {isa = PBXBuildFile; fileRef = 05B4429D2B7BF587009055C7 /* CellsReusingUtils.swift */; };
		05B442A22B7BF5D9009055C7 /* ProfileViewController.swift in Sources */ = {isa = PBXBuildFile; fileRef = 05B442A12B7BF5D9009055C7 /* ProfileViewController.swift */; };
		05B442A42B7BF5E1009055C7 /* ProfileModelUI.swift in Sources */ = {isa = PBXBuildFile; fileRef = 05B442A32B7BF5E1009055C7 /* ProfileModelUI.swift */; };
		05B442A62B7BF5EB009055C7 /* ProfileViewControllerPresenter.swift in Sources */ = {isa = PBXBuildFile; fileRef = 05B442A52B7BF5EB009055C7 /* ProfileViewControllerPresenter.swift */; };
		05B442A82B7BF5F8009055C7 /* ProfileDetailInfoCell.swift in Sources */ = {isa = PBXBuildFile; fileRef = 05B442A72B7BF5F8009055C7 /* ProfileDetailInfoCell.swift */; };
		3F478ECF29DB474E00F6D39E /* Colors.swift in Sources */ = {isa = PBXBuildFile; fileRef = 3F478ECE29DB474E00F6D39E /* Colors.swift */; };
		3F478ED129DB476500F6D39E /* Fonts.swift in Sources */ = {isa = PBXBuildFile; fileRef = 3F478ED029DB476500F6D39E /* Fonts.swift */; };
		3F603CCD29DB4A53000C43D7 /* ProgressHUD in Frameworks */ = {isa = PBXBuildFile; productRef = 3F603CCC29DB4A53000C43D7 /* ProgressHUD */; };
		3F603CD029DB4A74000C43D7 /* Kingfisher in Frameworks */ = {isa = PBXBuildFile; productRef = 3F603CCF29DB4A74000C43D7 /* Kingfisher */; };
		3F68069729CBBAF100B4F915 /* AppDelegate.swift in Sources */ = {isa = PBXBuildFile; fileRef = 3F68069629CBBAF100B4F915 /* AppDelegate.swift */; };
		3F68069929CBBAF100B4F915 /* SceneDelegate.swift in Sources */ = {isa = PBXBuildFile; fileRef = 3F68069829CBBAF100B4F915 /* SceneDelegate.swift */; };
		3F6806A029CBBAF200B4F915 /* Assets.xcassets in Resources */ = {isa = PBXBuildFile; fileRef = 3F68069F29CBBAF200B4F915 /* Assets.xcassets */; };
		3F6806A329CBBAF200B4F915 /* LaunchScreen.storyboard in Resources */ = {isa = PBXBuildFile; fileRef = 3F6806A129CBBAF200B4F915 /* LaunchScreen.storyboard */; };
		3F6806AE29CBBAF200B4F915 /* ExampleUnitTests.swift in Sources */ = {isa = PBXBuildFile; fileRef = 3F6806AD29CBBAF200B4F915 /* ExampleUnitTests.swift */; };
		3F6806B829CBBAF200B4F915 /* FakeNFTUITests.swift in Sources */ = {isa = PBXBuildFile; fileRef = 3F6806B729CBBAF200B4F915 /* FakeNFTUITests.swift */; };
		3F6806D129CBBE6B00B4F915 /* NetworkClient.swift in Sources */ = {isa = PBXBuildFile; fileRef = 3F6806D029CBBE6B00B4F915 /* NetworkClient.swift */; };
		3F6806D329CBBE9600B4F915 /* NetworkRequest.swift in Sources */ = {isa = PBXBuildFile; fileRef = 3F6806D229CBBE9600B4F915 /* NetworkRequest.swift */; };
		3F6806D529CBBEC700B4F915 /* NetworkTask.swift in Sources */ = {isa = PBXBuildFile; fileRef = 3F6806D429CBBEC700B4F915 /* NetworkTask.swift */; };
		E1A1B9DA2AA01CE400C3AFBC /* TabBarController.swift in Sources */ = {isa = PBXBuildFile; fileRef = E1A1B9D92AA01CE400C3AFBC /* TabBarController.swift */; };
		E1CD40DC2A96BECC00BE7FE8 /* Localizable.strings in Resources */ = {isa = PBXBuildFile; fileRef = E1CD40DB2A96BECC00BE7FE8 /* Localizable.strings */; };
/* End PBXBuildFile section */

/* Begin PBXContainerItemProxy section */
		3F6806AA29CBBAF200B4F915 /* PBXContainerItemProxy */ = {
			isa = PBXContainerItemProxy;
			containerPortal = 3F68068B29CBBAF100B4F915 /* Project object */;
			proxyType = 1;
			remoteGlobalIDString = 3F68069229CBBAF100B4F915;
			remoteInfo = FakeNFT;
		};
		3F6806B429CBBAF200B4F915 /* PBXContainerItemProxy */ = {
			isa = PBXContainerItemProxy;
			containerPortal = 3F68068B29CBBAF100B4F915 /* Project object */;
			proxyType = 1;
			remoteGlobalIDString = 3F68069229CBBAF100B4F915;
			remoteInfo = FakeNFT;
		};
/* End PBXContainerItemProxy section */

/* Begin PBXFileReference section */
		053FA14F2B8FF3E700EBA3C2 /* DateFormatters+Presets.swift */ = {isa = PBXFileReference; lastKnownFileType = sourcecode.swift; path = "DateFormatters+Presets.swift"; sourceTree = "<group>"; };
		055AB7332B946C3F00D78C99 /* NftStorage.swift */ = {isa = PBXFileReference; lastKnownFileType = sourcecode.swift; path = NftStorage.swift; sourceTree = "<group>"; };
		055AB7352B946C4700D78C99 /* ProfileStorage.swift */ = {isa = PBXFileReference; lastKnownFileType = sourcecode.swift; path = ProfileStorage.swift; sourceTree = "<group>"; };
		055AB7372B946E8300D78C99 /* UIView+Constraints.swift */ = {isa = PBXFileReference; lastKnownFileType = sourcecode.swift; path = "UIView+Constraints.swift"; sourceTree = "<group>"; };
		055AB7392B946EC100D78C99 /* NetworkToken.swift */ = {isa = PBXFileReference; lastKnownFileType = sourcecode.swift; path = NetworkToken.swift; sourceTree = "<group>"; };
		055AB7412B9471F400D78C99 /* EditingProfileViewController.swift */ = {isa = PBXFileReference; lastKnownFileType = sourcecode.swift; path = EditingProfileViewController.swift; sourceTree = "<group>"; };
		055AB7432B9471FC00D78C99 /* EditingProfileViewControllerPresenter.swift */ = {isa = PBXFileReference; lastKnownFileType = sourcecode.swift; path = EditingProfileViewControllerPresenter.swift; sourceTree = "<group>"; };
		055AB7452B94725D00D78C99 /* FavouritesNFTViewController.swift */ = {isa = PBXFileReference; lastKnownFileType = sourcecode.swift; path = FavouritesNFTViewController.swift; sourceTree = "<group>"; };
		055AB7472B94726600D78C99 /* MyNFTViewController.swift */ = {isa = PBXFileReference; lastKnownFileType = sourcecode.swift; path = MyNFTViewController.swift; sourceTree = "<group>"; };
		055AB74C2B94732B00D78C99 /* LinePageControl.swift */ = {isa = PBXFileReference; lastKnownFileType = sourcecode.swift; path = LinePageControl.swift; sourceTree = "<group>"; };
		055AB74E2B94733300D78C99 /* LoadingView.swift */ = {isa = PBXFileReference; lastKnownFileType = sourcecode.swift; path = LoadingView.swift; sourceTree = "<group>"; };
		055AB7502B94733D00D78C99 /* ErrorView.swift */ = {isa = PBXFileReference; lastKnownFileType = sourcecode.swift; path = ErrorView.swift; sourceTree = "<group>"; };
		055AB7532B9473B200D78C99 /* TestCatalogController.swift */ = {isa = PBXFileReference; lastKnownFileType = sourcecode.swift; path = TestCatalogController.swift; sourceTree = "<group>"; };
		055AB7572B94757200D78C99 /* ExampleRequest.swift */ = {isa = PBXFileReference; lastKnownFileType = sourcecode.swift; path = ExampleRequest.swift; sourceTree = "<group>"; };
		055AB7592B94757B00D78C99 /* NftByIdRequest.swift */ = {isa = PBXFileReference; lastKnownFileType = sourcecode.swift; path = NftByIdRequest.swift; sourceTree = "<group>"; };
		055AB75B2B94758600D78C99 /* ProfileGetRequest.swift */ = {isa = PBXFileReference; lastKnownFileType = sourcecode.swift; path = ProfileGetRequest.swift; sourceTree = "<group>"; };
		055AB75D2B94758D00D78C99 /* ProfilePutRequest.swift */ = {isa = PBXFileReference; lastKnownFileType = sourcecode.swift; path = ProfilePutRequest.swift; sourceTree = "<group>"; };
		055AB75F2B94759500D78C99 /* RequestConstants.swift */ = {isa = PBXFileReference; lastKnownFileType = sourcecode.swift; path = RequestConstants.swift; sourceTree = "<group>"; };
		055AB7612B94759D00D78C99 /* ServicesAssemly.swift */ = {isa = PBXFileReference; lastKnownFileType = sourcecode.swift; path = ServicesAssemly.swift; sourceTree = "<group>"; };
		055AB7632B9475A700D78C99 /* NftService.swift */ = {isa = PBXFileReference; lastKnownFileType = sourcecode.swift; path = NftService.swift; sourceTree = "<group>"; };
		055AB7652B9475E200D78C99 /* ProfileService.swift */ = {isa = PBXFileReference; lastKnownFileType = sourcecode.swift; path = ProfileService.swift; sourceTree = "<group>"; };
		055AB7802B95C67500D78C99 /* RatingView.swift */ = {isa = PBXFileReference; lastKnownFileType = sourcecode.swift; path = RatingView.swift; sourceTree = "<group>"; };
		055AB7822B95C69300D78C99 /* MyNFTPresenter.swift */ = {isa = PBXFileReference; lastKnownFileType = sourcecode.swift; path = MyNFTPresenter.swift; sourceTree = "<group>"; };
		055AB7842B95C69A00D78C99 /* MyNFTCell.swift */ = {isa = PBXFileReference; lastKnownFileType = sourcecode.swift; path = MyNFTCell.swift; sourceTree = "<group>"; };
		055AB7862B95C6A200D78C99 /* MyNFTCellPresenter.swift */ = {isa = PBXFileReference; lastKnownFileType = sourcecode.swift; path = MyNFTCellPresenter.swift; sourceTree = "<group>"; };
		05B442732B7BD8A7009055C7 /* WebViewViewController.swift */ = {isa = PBXFileReference; lastKnownFileType = sourcecode.swift; path = WebViewViewController.swift; sourceTree = "<group>"; };
		05B4428B2B7BDEA2009055C7 /* ProfileModelEditing.swift */ = {isa = PBXFileReference; lastKnownFileType = sourcecode.swift; path = ProfileModelEditing.swift; sourceTree = "<group>"; };
		05B4428D2B7BDEAD009055C7 /* ProfileModelNetwork.swift */ = {isa = PBXFileReference; lastKnownFileType = sourcecode.swift; path = ProfileModelNetwork.swift; sourceTree = "<group>"; };
		05B4428F2B7BDEBC009055C7 /* Nft.swift */ = {isa = PBXFileReference; lastKnownFileType = sourcecode.swift; path = Nft.swift; sourceTree = "<group>"; };
		05B4429D2B7BF587009055C7 /* CellsReusingUtils.swift */ = {isa = PBXFileReference; lastKnownFileType = sourcecode.swift; path = CellsReusingUtils.swift; sourceTree = "<group>"; };
		05B442A12B7BF5D9009055C7 /* ProfileViewController.swift */ = {isa = PBXFileReference; lastKnownFileType = sourcecode.swift; path = ProfileViewController.swift; sourceTree = "<group>"; };
		05B442A32B7BF5E1009055C7 /* ProfileModelUI.swift */ = {isa = PBXFileReference; lastKnownFileType = sourcecode.swift; path = ProfileModelUI.swift; sourceTree = "<group>"; };
		05B442A52B7BF5EB009055C7 /* ProfileViewControllerPresenter.swift */ = {isa = PBXFileReference; lastKnownFileType = sourcecode.swift; path = ProfileViewControllerPresenter.swift; sourceTree = "<group>"; };
		05B442A72B7BF5F8009055C7 /* ProfileDetailInfoCell.swift */ = {isa = PBXFileReference; lastKnownFileType = sourcecode.swift; path = ProfileDetailInfoCell.swift; sourceTree = "<group>"; };
		3F478ECE29DB474E00F6D39E /* Colors.swift */ = {isa = PBXFileReference; lastKnownFileType = sourcecode.swift; path = Colors.swift; sourceTree = "<group>"; };
		3F478ED029DB476500F6D39E /* Fonts.swift */ = {isa = PBXFileReference; lastKnownFileType = sourcecode.swift; path = Fonts.swift; sourceTree = "<group>"; };
		3F68069329CBBAF100B4F915 /* FakeNFT.app */ = {isa = PBXFileReference; explicitFileType = wrapper.application; includeInIndex = 0; path = FakeNFT.app; sourceTree = BUILT_PRODUCTS_DIR; };
		3F68069629CBBAF100B4F915 /* AppDelegate.swift */ = {isa = PBXFileReference; lastKnownFileType = sourcecode.swift; path = AppDelegate.swift; sourceTree = "<group>"; };
		3F68069829CBBAF100B4F915 /* SceneDelegate.swift */ = {isa = PBXFileReference; lastKnownFileType = sourcecode.swift; path = SceneDelegate.swift; sourceTree = "<group>"; };
		3F68069F29CBBAF200B4F915 /* Assets.xcassets */ = {isa = PBXFileReference; lastKnownFileType = folder.assetcatalog; path = Assets.xcassets; sourceTree = "<group>"; };
		3F6806A229CBBAF200B4F915 /* Base */ = {isa = PBXFileReference; lastKnownFileType = file.storyboard; name = Base; path = Base.lproj/LaunchScreen.storyboard; sourceTree = "<group>"; };
		3F6806A429CBBAF200B4F915 /* Info.plist */ = {isa = PBXFileReference; lastKnownFileType = text.plist.xml; path = Info.plist; sourceTree = "<group>"; };
		3F6806A929CBBAF200B4F915 /* FakeNFTTests.xctest */ = {isa = PBXFileReference; explicitFileType = wrapper.cfbundle; includeInIndex = 0; path = FakeNFTTests.xctest; sourceTree = BUILT_PRODUCTS_DIR; };
		3F6806AD29CBBAF200B4F915 /* ExampleUnitTests.swift */ = {isa = PBXFileReference; lastKnownFileType = sourcecode.swift; path = ExampleUnitTests.swift; sourceTree = "<group>"; };
		3F6806B329CBBAF200B4F915 /* FakeNFTUITests.xctest */ = {isa = PBXFileReference; explicitFileType = wrapper.cfbundle; includeInIndex = 0; path = FakeNFTUITests.xctest; sourceTree = BUILT_PRODUCTS_DIR; };
		3F6806B729CBBAF200B4F915 /* FakeNFTUITests.swift */ = {isa = PBXFileReference; lastKnownFileType = sourcecode.swift; path = FakeNFTUITests.swift; sourceTree = "<group>"; };
		3F6806D029CBBE6B00B4F915 /* NetworkClient.swift */ = {isa = PBXFileReference; lastKnownFileType = sourcecode.swift; path = NetworkClient.swift; sourceTree = "<group>"; };
		3F6806D229CBBE9600B4F915 /* NetworkRequest.swift */ = {isa = PBXFileReference; lastKnownFileType = sourcecode.swift; path = NetworkRequest.swift; sourceTree = "<group>"; };
		3F6806D429CBBEC700B4F915 /* NetworkTask.swift */ = {isa = PBXFileReference; lastKnownFileType = sourcecode.swift; path = NetworkTask.swift; sourceTree = "<group>"; };
		E1A1B9D92AA01CE400C3AFBC /* TabBarController.swift */ = {isa = PBXFileReference; lastKnownFileType = sourcecode.swift; path = TabBarController.swift; sourceTree = "<group>"; };
		E1CD40D92A96BE7D00BE7FE8 /* ru */ = {isa = PBXFileReference; lastKnownFileType = text.plist.strings; name = ru; path = ru.lproj/LaunchScreen.strings; sourceTree = "<group>"; };
		E1CD40DB2A96BECC00BE7FE8 /* Localizable.strings */ = {isa = PBXFileReference; lastKnownFileType = text.plist.strings; path = Localizable.strings; sourceTree = "<group>"; };
/* End PBXFileReference section */

/* Begin PBXFrameworksBuildPhase section */
		3F68069029CBBAF100B4F915 /* Frameworks */ = {
			isa = PBXFrameworksBuildPhase;
			buildActionMask = 2147483647;
			files = (
				3F603CD029DB4A74000C43D7 /* Kingfisher in Frameworks */,
				3F603CCD29DB4A53000C43D7 /* ProgressHUD in Frameworks */,
			);
			runOnlyForDeploymentPostprocessing = 0;
		};
		3F6806A629CBBAF200B4F915 /* Frameworks */ = {
			isa = PBXFrameworksBuildPhase;
			buildActionMask = 2147483647;
			files = (
			);
			runOnlyForDeploymentPostprocessing = 0;
		};
		3F6806B029CBBAF200B4F915 /* Frameworks */ = {
			isa = PBXFrameworksBuildPhase;
			buildActionMask = 2147483647;
			files = (
			);
			runOnlyForDeploymentPostprocessing = 0;
		};
/* End PBXFrameworksBuildPhase section */

/* Begin PBXGroup section */
		055AB7322B946C2A00D78C99 /* MemoryStorage */ = {
			isa = PBXGroup;
			children = (
				055AB7332B946C3F00D78C99 /* NftStorage.swift */,
				055AB7352B946C4700D78C99 /* ProfileStorage.swift */,
			);
			path = MemoryStorage;
			sourceTree = "<group>";
		};
		055AB73B2B946F3000D78C99 /* Models */ = {
			isa = PBXGroup;
			children = (
				055AB73C2B946F6100D78C99 /* Network */,
				05B442A32B7BF5E1009055C7 /* ProfileModelUI.swift */,
				05B4428B2B7BDEA2009055C7 /* ProfileModelEditing.swift */,
				05B4428D2B7BDEAD009055C7 /* ProfileModelNetwork.swift */,
			);
			path = Models;
			sourceTree = "<group>";
		};
		055AB73C2B946F6100D78C99 /* Network */ = {
			isa = PBXGroup;
			children = (
				05B4428F2B7BDEBC009055C7 /* Nft.swift */,
			);
			path = Network;
			sourceTree = "<group>";
		};
		055AB73D2B94704600D78C99 /* MyNFT */ = {
			isa = PBXGroup;
			children = (
				055AB7472B94726600D78C99 /* MyNFTViewController.swift */,
				055AB7822B95C69300D78C99 /* MyNFTPresenter.swift */,
				055AB7842B95C69A00D78C99 /* MyNFTCell.swift */,
				055AB7862B95C6A200D78C99 /* MyNFTCellPresenter.swift */,
			);
			path = MyNFT;
			sourceTree = "<group>";
		};
		055AB73E2B94704E00D78C99 /* EditingProfile */ = {
			isa = PBXGroup;
			children = (
				055AB7412B9471F400D78C99 /* EditingProfileViewController.swift */,
				055AB7432B9471FC00D78C99 /* EditingProfileViewControllerPresenter.swift */,
			);
			path = EditingProfile;
			sourceTree = "<group>";
		};
		055AB73F2B94705400D78C99 /* WebView */ = {
			isa = PBXGroup;
			children = (
				05B442732B7BD8A7009055C7 /* WebViewViewController.swift */,
				05B442A12B7BF5D9009055C7 /* ProfileViewController.swift */,
				05B442A52B7BF5EB009055C7 /* ProfileViewControllerPresenter.swift */,
				05B442A72B7BF5F8009055C7 /* ProfileDetailInfoCell.swift */,
			);
			path = WebView;
			sourceTree = "<group>";
		};
		055AB7402B94705800D78C99 /* FavouritesNFT */ = {
			isa = PBXGroup;
			children = (
				055AB7452B94725D00D78C99 /* FavouritesNFTViewController.swift */,
			);
			path = FavouritesNFT;
			sourceTree = "<group>";
		};
		055AB7492B94730200D78C99 /* Common */ = {
			isa = PBXGroup;
			children = (
				055AB74B2B94731200D78C99 /* Views */,
				055AB74A2B94730D00D78C99 /* Protocols */,
			);
			path = Common;
			sourceTree = "<group>";
		};
		055AB74A2B94730D00D78C99 /* Protocols */ = {
			isa = PBXGroup;
			children = (
				055AB74E2B94733300D78C99 /* LoadingView.swift */,
				055AB7502B94733D00D78C99 /* ErrorView.swift */,
			);
			path = Protocols;
			sourceTree = "<group>";
		};
		055AB74B2B94731200D78C99 /* Views */ = {
			isa = PBXGroup;
			children = (
				055AB74C2B94732B00D78C99 /* LinePageControl.swift */,
			);
			path = Views;
			sourceTree = "<group>";
		};
		055AB7522B9473A400D78C99 /* Catalog */ = {
			isa = PBXGroup;
			children = (
				055AB7532B9473B200D78C99 /* TestCatalogController.swift */,
			);
			path = Catalog;
			sourceTree = "<group>";
		};
		055AB7552B94754200D78C99 /* Services */ = {
			isa = PBXGroup;
			children = (
				055AB7562B94755900D78C99 /* Requests */,
			);
			path = Services;
			sourceTree = "<group>";
		};
		055AB7562B94755900D78C99 /* Requests */ = {
			isa = PBXGroup;
			children = (
				055AB7572B94757200D78C99 /* ExampleRequest.swift */,
				055AB7592B94757B00D78C99 /* NftByIdRequest.swift */,
				055AB75B2B94758600D78C99 /* ProfileGetRequest.swift */,
				055AB75D2B94758D00D78C99 /* ProfilePutRequest.swift */,
				055AB75F2B94759500D78C99 /* RequestConstants.swift */,
			);
			path = Requests;
			sourceTree = "<group>";
		};
		05B442952B7BF529009055C7 /* Foundation */ = {
			isa = PBXGroup;
			children = (
				055AB7322B946C2A00D78C99 /* MemoryStorage */,
				3F6806CF29CBBDB100B4F915 /* NetworkClient */,
			);
			path = Foundation;
			sourceTree = "<group>";
		};
		05B442962B7BF536009055C7 /* Scenes */ = {
			isa = PBXGroup;
			children = (
				055AB7522B9473A400D78C99 /* Catalog */,
				055AB7492B94730200D78C99 /* Common */,
				3F6806C929CBBCAF00B4F915 /* Profile */,
				E1A1B9D82AA01C9700C3AFBC /* TabBarController */,
			);
			path = Scenes;
			sourceTree = "<group>";
		};
		3F478ECD29DB473000F6D39E /* DesignSystem */ = {
			isa = PBXGroup;
			children = (
				3F478ECE29DB474E00F6D39E /* Colors.swift */,
				3F478ED029DB476500F6D39E /* Fonts.swift */,
			);
			path = DesignSystem;
			sourceTree = "<group>";
		};
		3F68068A29CBBAF100B4F915 = {
			isa = PBXGroup;
			children = (
				3F68069529CBBAF100B4F915 /* FakeNFT */,
				3F6806AC29CBBAF200B4F915 /* FakeNFTTests */,
				3F6806B629CBBAF200B4F915 /* FakeNFTUITests */,
				3F68069429CBBAF100B4F915 /* Products */,
			);
			sourceTree = "<group>";
		};
		3F68069429CBBAF100B4F915 /* Products */ = {
			isa = PBXGroup;
			children = (
				3F68069329CBBAF100B4F915 /* FakeNFT.app */,
				3F6806A929CBBAF200B4F915 /* FakeNFTTests.xctest */,
				3F6806B329CBBAF200B4F915 /* FakeNFTUITests.xctest */,
			);
			name = Products;
			sourceTree = "<group>";
		};
		3F68069529CBBAF100B4F915 /* FakeNFT */ = {
			isa = PBXGroup;
			children = (
				E1CD40DA2A96BE9B00BE7FE8 /* Resources */,
				3F68069629CBBAF100B4F915 /* AppDelegate.swift */,
				3F68069829CBBAF100B4F915 /* SceneDelegate.swift */,
				3F478ECD29DB473000F6D39E /* DesignSystem */,
				055AB73B2B946F3000D78C99 /* Models */,
				055AB7552B94754200D78C99 /* Services */,
				055AB7612B94759D00D78C99 /* ServicesAssemly.swift */,
				055AB7652B9475E200D78C99 /* ProfileService.swift */,
				055AB7632B9475A700D78C99 /* NftService.swift */,
				05B442952B7BF529009055C7 /* Foundation */,
				05B442962B7BF536009055C7 /* Scenes */,
				3F6806A429CBBAF200B4F915 /* Info.plist */,
			);
			path = FakeNFT;
			sourceTree = "<group>";
		};
		3F6806AC29CBBAF200B4F915 /* FakeNFTTests */ = {
			isa = PBXGroup;
			children = (
				3F6806AD29CBBAF200B4F915 /* ExampleUnitTests.swift */,
			);
			path = FakeNFTTests;
			sourceTree = "<group>";
		};
		3F6806B629CBBAF200B4F915 /* FakeNFTUITests */ = {
			isa = PBXGroup;
			children = (
				3F6806B729CBBAF200B4F915 /* FakeNFTUITests.swift */,
			);
			path = FakeNFTUITests;
			sourceTree = "<group>";
		};
		3F6806C929CBBCAF00B4F915 /* Profile */ = {
			isa = PBXGroup;
			children = (
				055AB7402B94705800D78C99 /* FavouritesNFT */,
				055AB73F2B94705400D78C99 /* WebView */,
				055AB73E2B94704E00D78C99 /* EditingProfile */,
				055AB73D2B94704600D78C99 /* MyNFT */,
			);
			path = Profile;
			sourceTree = "<group>";
		};
		3F6806CF29CBBDB100B4F915 /* NetworkClient */ = {
			isa = PBXGroup;
			children = (
				055AB7392B946EC100D78C99 /* NetworkToken.swift */,
				3F6806D029CBBE6B00B4F915 /* NetworkClient.swift */,
				3F6806D229CBBE9600B4F915 /* NetworkRequest.swift */,
				3F6806D429CBBEC700B4F915 /* NetworkTask.swift */,
				05B4429D2B7BF587009055C7 /* CellsReusingUtils.swift */,
				053FA14F2B8FF3E700EBA3C2 /* DateFormatters+Presets.swift */,
				055AB7372B946E8300D78C99 /* UIView+Constraints.swift */,
				055AB7802B95C67500D78C99 /* RatingView.swift */,
			);
			path = NetworkClient;
			sourceTree = "<group>";
		};
		E1A1B9D82AA01C9700C3AFBC /* TabBarController */ = {
			isa = PBXGroup;
			children = (
				E1A1B9D92AA01CE400C3AFBC /* TabBarController.swift */,
			);
			path = TabBarController;
			sourceTree = "<group>";
		};
		E1CD40DA2A96BE9B00BE7FE8 /* Resources */ = {
			isa = PBXGroup;
			children = (
				3F68069F29CBBAF200B4F915 /* Assets.xcassets */,
				3F6806A129CBBAF200B4F915 /* LaunchScreen.storyboard */,
				E1CD40DB2A96BECC00BE7FE8 /* Localizable.strings */,
			);
			path = Resources;
			sourceTree = "<group>";
		};
/* End PBXGroup section */

/* Begin PBXNativeTarget section */
		3F68069229CBBAF100B4F915 /* FakeNFT */ = {
			isa = PBXNativeTarget;
			buildConfigurationList = 3F6806BD29CBBAF200B4F915 /* Build configuration list for PBXNativeTarget "FakeNFT" */;
			buildPhases = (
				3FC8C39529D24CDB0081F015 /* Swiftlint */,
				3F68068F29CBBAF100B4F915 /* Sources */,
				3F68069029CBBAF100B4F915 /* Frameworks */,
				3F68069129CBBAF100B4F915 /* Resources */,
			);
			buildRules = (
			);
			dependencies = (
			);
			name = FakeNFT;
			packageProductDependencies = (
				3F603CCC29DB4A53000C43D7 /* ProgressHUD */,
				3F603CCF29DB4A74000C43D7 /* Kingfisher */,
			);
			productName = FakeNFT;
			productReference = 3F68069329CBBAF100B4F915 /* FakeNFT.app */;
			productType = "com.apple.product-type.application";
		};
		3F6806A829CBBAF200B4F915 /* FakeNFTTests */ = {
			isa = PBXNativeTarget;
			buildConfigurationList = 3F6806C029CBBAF200B4F915 /* Build configuration list for PBXNativeTarget "FakeNFTTests" */;
			buildPhases = (
				3F6806A529CBBAF200B4F915 /* Sources */,
				3F6806A629CBBAF200B4F915 /* Frameworks */,
				3F6806A729CBBAF200B4F915 /* Resources */,
			);
			buildRules = (
			);
			dependencies = (
				3F6806AB29CBBAF200B4F915 /* PBXTargetDependency */,
			);
			name = FakeNFTTests;
			productName = FakeNFTTests;
			productReference = 3F6806A929CBBAF200B4F915 /* FakeNFTTests.xctest */;
			productType = "com.apple.product-type.bundle.unit-test";
		};
		3F6806B229CBBAF200B4F915 /* FakeNFTUITests */ = {
			isa = PBXNativeTarget;
			buildConfigurationList = 3F6806C329CBBAF200B4F915 /* Build configuration list for PBXNativeTarget "FakeNFTUITests" */;
			buildPhases = (
				3F6806AF29CBBAF200B4F915 /* Sources */,
				3F6806B029CBBAF200B4F915 /* Frameworks */,
				3F6806B129CBBAF200B4F915 /* Resources */,
			);
			buildRules = (
			);
			dependencies = (
				3F6806B529CBBAF200B4F915 /* PBXTargetDependency */,
			);
			name = FakeNFTUITests;
			productName = FakeNFTUITests;
			productReference = 3F6806B329CBBAF200B4F915 /* FakeNFTUITests.xctest */;
			productType = "com.apple.product-type.bundle.ui-testing";
		};
/* End PBXNativeTarget section */

/* Begin PBXProject section */
		3F68068B29CBBAF100B4F915 /* Project object */ = {
			isa = PBXProject;
			attributes = {
				BuildIndependentTargetsInParallel = 1;
				LastSwiftUpdateCheck = 1420;
				LastUpgradeCheck = 1420;
				TargetAttributes = {
					3F68069229CBBAF100B4F915 = {
						CreatedOnToolsVersion = 14.2;
					};
					3F6806A829CBBAF200B4F915 = {
						CreatedOnToolsVersion = 14.2;
						TestTargetID = 3F68069229CBBAF100B4F915;
					};
					3F6806B229CBBAF200B4F915 = {
						CreatedOnToolsVersion = 14.2;
						TestTargetID = 3F68069229CBBAF100B4F915;
					};
				};
			};
			buildConfigurationList = 3F68068E29CBBAF100B4F915 /* Build configuration list for PBXProject "FakeNFT" */;
			compatibilityVersion = "Xcode 14.0";
			developmentRegion = ru;
			hasScannedForEncodings = 0;
			knownRegions = (
				en,
				Base,
				ru,
			);
			mainGroup = 3F68068A29CBBAF100B4F915;
			packageReferences = (
				3F603CCB29DB4A53000C43D7 /* XCRemoteSwiftPackageReference "ProgressHUD" */,
				3F603CCE29DB4A74000C43D7 /* XCRemoteSwiftPackageReference "Kingfisher" */,
			);
			productRefGroup = 3F68069429CBBAF100B4F915 /* Products */;
			projectDirPath = "";
			projectRoot = "";
			targets = (
				3F68069229CBBAF100B4F915 /* FakeNFT */,
				3F6806A829CBBAF200B4F915 /* FakeNFTTests */,
				3F6806B229CBBAF200B4F915 /* FakeNFTUITests */,
			);
		};
/* End PBXProject section */

/* Begin PBXResourcesBuildPhase section */
		3F68069129CBBAF100B4F915 /* Resources */ = {
			isa = PBXResourcesBuildPhase;
			buildActionMask = 2147483647;
			files = (
				3F6806A329CBBAF200B4F915 /* LaunchScreen.storyboard in Resources */,
				E1CD40DC2A96BECC00BE7FE8 /* Localizable.strings in Resources */,
				3F6806A029CBBAF200B4F915 /* Assets.xcassets in Resources */,
			);
			runOnlyForDeploymentPostprocessing = 0;
		};
		3F6806A729CBBAF200B4F915 /* Resources */ = {
			isa = PBXResourcesBuildPhase;
			buildActionMask = 2147483647;
			files = (
			);
			runOnlyForDeploymentPostprocessing = 0;
		};
		3F6806B129CBBAF200B4F915 /* Resources */ = {
			isa = PBXResourcesBuildPhase;
			buildActionMask = 2147483647;
			files = (
			);
			runOnlyForDeploymentPostprocessing = 0;
		};
/* End PBXResourcesBuildPhase section */

/* Begin PBXShellScriptBuildPhase section */
		3FC8C39529D24CDB0081F015 /* Swiftlint */ = {
			isa = PBXShellScriptBuildPhase;
			buildActionMask = 2147483647;
			files = (
			);
			inputFileListPaths = (
			);
			inputPaths = (
			);
			name = Swiftlint;
			outputFileListPaths = (
			);
			outputPaths = (
			);
			runOnlyForDeploymentPostprocessing = 0;
			shellPath = /bin/sh;
			shellScript = "export PATH=\"$PATH:/opt/homebrew/bin\"\nif which swiftlint > /dev/null; then\n  swiftlint --fix && swiftlint\nelse\n  echo \"warning: SwiftLint not installed, download from https://github.com/realm/SwiftLint\"\nfi\n";
		};
/* End PBXShellScriptBuildPhase section */

/* Begin PBXSourcesBuildPhase section */
		3F68068F29CBBAF100B4F915 /* Sources */ = {
			isa = PBXSourcesBuildPhase;
			buildActionMask = 2147483647;
			files = (
				3F478ECF29DB474E00F6D39E /* Colors.swift in Sources */,
				E1A1B9DA2AA01CE400C3AFBC /* TabBarController.swift in Sources */,
				055AB75E2B94758D00D78C99 /* ProfilePutRequest.swift in Sources */,
				3F478ED129DB476500F6D39E /* Fonts.swift in Sources */,
				05B442742B7BD8A7009055C7 /* WebViewViewController.swift in Sources */,
				055AB7832B95C69300D78C99 /* MyNFTPresenter.swift in Sources */,
				053FA1502B8FF3E700EBA3C2 /* DateFormatters+Presets.swift in Sources */,
				055AB7342B946C3F00D78C99 /* NftStorage.swift in Sources */,
				055AB73A2B946EC100D78C99 /* NetworkToken.swift in Sources */,
				05B442A42B7BF5E1009055C7 /* ProfileModelUI.swift in Sources */,
				055AB7872B95C6A200D78C99 /* MyNFTCellPresenter.swift in Sources */,
				055AB7582B94757200D78C99 /* ExampleRequest.swift in Sources */,
				055AB7812B95C67500D78C99 /* RatingView.swift in Sources */,
				05B442902B7BDEBC009055C7 /* Nft.swift in Sources */,
				055AB74F2B94733300D78C99 /* LoadingView.swift in Sources */,
				3F6806D529CBBEC700B4F915 /* NetworkTask.swift in Sources */,
				055AB7382B946E8300D78C99 /* UIView+Constraints.swift in Sources */,
				055AB75C2B94758600D78C99 /* ProfileGetRequest.swift in Sources */,
				3F68069729CBBAF100B4F915 /* AppDelegate.swift in Sources */,
				3F68069929CBBAF100B4F915 /* SceneDelegate.swift in Sources */,
				055AB7662B9475E200D78C99 /* ProfileService.swift in Sources */,
				055AB7442B9471FC00D78C99 /* EditingProfileViewControllerPresenter.swift in Sources */,
				055AB7512B94733D00D78C99 /* ErrorView.swift in Sources */,
				055AB7422B9471F400D78C99 /* EditingProfileViewController.swift in Sources */,
				05B4428E2B7BDEAD009055C7 /* ProfileModelNetwork.swift in Sources */,
				055AB74D2B94732B00D78C99 /* LinePageControl.swift in Sources */,
				055AB7482B94726600D78C99 /* MyNFTViewController.swift in Sources */,
				05B442A22B7BF5D9009055C7 /* ProfileViewController.swift in Sources */,
				05B4429E2B7BF587009055C7 /* CellsReusingUtils.swift in Sources */,
				055AB7642B9475A700D78C99 /* NftService.swift in Sources */,
				055AB7852B95C69A00D78C99 /* MyNFTCell.swift in Sources */,
				055AB75A2B94757B00D78C99 /* NftByIdRequest.swift in Sources */,
				05B4428C2B7BDEA2009055C7 /* ProfileModelEditing.swift in Sources */,
				05B442A62B7BF5EB009055C7 /* ProfileViewControllerPresenter.swift in Sources */,
				055AB7622B94759D00D78C99 /* ServicesAssemly.swift in Sources */,
				05B442A82B7BF5F8009055C7 /* ProfileDetailInfoCell.swift in Sources */,
				055AB7542B9473B200D78C99 /* TestCatalogController.swift in Sources */,
				3F6806D329CBBE9600B4F915 /* NetworkRequest.swift in Sources */,
				3F6806D129CBBE6B00B4F915 /* NetworkClient.swift in Sources */,
				055AB7602B94759500D78C99 /* RequestConstants.swift in Sources */,
				055AB7462B94725D00D78C99 /* FavouritesNFTViewController.swift in Sources */,
				055AB7362B946C4700D78C99 /* ProfileStorage.swift in Sources */,
			);
			runOnlyForDeploymentPostprocessing = 0;
		};
		3F6806A529CBBAF200B4F915 /* Sources */ = {
			isa = PBXSourcesBuildPhase;
			buildActionMask = 2147483647;
			files = (
				3F6806AE29CBBAF200B4F915 /* ExampleUnitTests.swift in Sources */,
			);
			runOnlyForDeploymentPostprocessing = 0;
		};
		3F6806AF29CBBAF200B4F915 /* Sources */ = {
			isa = PBXSourcesBuildPhase;
			buildActionMask = 2147483647;
			files = (
				3F6806B829CBBAF200B4F915 /* FakeNFTUITests.swift in Sources */,
			);
			runOnlyForDeploymentPostprocessing = 0;
		};
/* End PBXSourcesBuildPhase section */

/* Begin PBXTargetDependency section */
		3F6806AB29CBBAF200B4F915 /* PBXTargetDependency */ = {
			isa = PBXTargetDependency;
			target = 3F68069229CBBAF100B4F915 /* FakeNFT */;
			targetProxy = 3F6806AA29CBBAF200B4F915 /* PBXContainerItemProxy */;
		};
		3F6806B529CBBAF200B4F915 /* PBXTargetDependency */ = {
			isa = PBXTargetDependency;
			target = 3F68069229CBBAF100B4F915 /* FakeNFT */;
			targetProxy = 3F6806B429CBBAF200B4F915 /* PBXContainerItemProxy */;
		};
/* End PBXTargetDependency section */

/* Begin PBXVariantGroup section */
		3F6806A129CBBAF200B4F915 /* LaunchScreen.storyboard */ = {
			isa = PBXVariantGroup;
			children = (
				3F6806A229CBBAF200B4F915 /* Base */,
				E1CD40D92A96BE7D00BE7FE8 /* ru */,
			);
			name = LaunchScreen.storyboard;
			sourceTree = "<group>";
		};
/* End PBXVariantGroup section */

/* Begin XCBuildConfiguration section */
		3F6806BB29CBBAF200B4F915 /* Debug */ = {
			isa = XCBuildConfiguration;
			buildSettings = {
				ALWAYS_SEARCH_USER_PATHS = NO;
				CLANG_ANALYZER_LOCALIZABILITY_NONLOCALIZED = YES;
				CLANG_ANALYZER_NONNULL = YES;
				CLANG_ANALYZER_NUMBER_OBJECT_CONVERSION = YES_AGGRESSIVE;
				CLANG_CXX_LANGUAGE_STANDARD = "gnu++20";
				CLANG_ENABLE_MODULES = YES;
				CLANG_ENABLE_OBJC_ARC = YES;
				CLANG_ENABLE_OBJC_WEAK = YES;
				CLANG_WARN_BLOCK_CAPTURE_AUTORELEASING = YES;
				CLANG_WARN_BOOL_CONVERSION = YES;
				CLANG_WARN_COMMA = YES;
				CLANG_WARN_CONSTANT_CONVERSION = YES;
				CLANG_WARN_DEPRECATED_OBJC_IMPLEMENTATIONS = YES;
				CLANG_WARN_DIRECT_OBJC_ISA_USAGE = YES_ERROR;
				CLANG_WARN_DOCUMENTATION_COMMENTS = YES;
				CLANG_WARN_EMPTY_BODY = YES;
				CLANG_WARN_ENUM_CONVERSION = YES;
				CLANG_WARN_INFINITE_RECURSION = YES;
				CLANG_WARN_INT_CONVERSION = YES;
				CLANG_WARN_NON_LITERAL_NULL_CONVERSION = YES;
				CLANG_WARN_OBJC_IMPLICIT_RETAIN_SELF = YES;
				CLANG_WARN_OBJC_LITERAL_CONVERSION = YES;
				CLANG_WARN_OBJC_ROOT_CLASS = YES_ERROR;
				CLANG_WARN_QUOTED_INCLUDE_IN_FRAMEWORK_HEADER = YES;
				CLANG_WARN_RANGE_LOOP_ANALYSIS = YES;
				CLANG_WARN_STRICT_PROTOTYPES = YES;
				CLANG_WARN_SUSPICIOUS_MOVE = YES;
				CLANG_WARN_UNGUARDED_AVAILABILITY = YES_AGGRESSIVE;
				CLANG_WARN_UNREACHABLE_CODE = YES;
				CLANG_WARN__DUPLICATE_METHOD_MATCH = YES;
				COPY_PHASE_STRIP = NO;
				DEBUG_INFORMATION_FORMAT = dwarf;
				ENABLE_STRICT_OBJC_MSGSEND = YES;
				ENABLE_TESTABILITY = YES;
				GCC_C_LANGUAGE_STANDARD = gnu11;
				GCC_DYNAMIC_NO_PIC = NO;
				GCC_NO_COMMON_BLOCKS = YES;
				GCC_OPTIMIZATION_LEVEL = 0;
				GCC_PREPROCESSOR_DEFINITIONS = (
					"DEBUG=1",
					"$(inherited)",
				);
				GCC_WARN_64_TO_32_BIT_CONVERSION = YES;
				GCC_WARN_ABOUT_RETURN_TYPE = YES_ERROR;
				GCC_WARN_UNDECLARED_SELECTOR = YES;
				GCC_WARN_UNINITIALIZED_AUTOS = YES_AGGRESSIVE;
				GCC_WARN_UNUSED_FUNCTION = YES;
				GCC_WARN_UNUSED_VARIABLE = YES;
				IPHONEOS_DEPLOYMENT_TARGET = 13.0;
				MTL_ENABLE_DEBUG_INFO = INCLUDE_SOURCE;
				MTL_FAST_MATH = YES;
				ONLY_ACTIVE_ARCH = YES;
				SDKROOT = iphoneos;
				SWIFT_ACTIVE_COMPILATION_CONDITIONS = DEBUG;
				SWIFT_OPTIMIZATION_LEVEL = "-Onone";
			};
			name = Debug;
		};
		3F6806BC29CBBAF200B4F915 /* Release */ = {
			isa = XCBuildConfiguration;
			buildSettings = {
				ALWAYS_SEARCH_USER_PATHS = NO;
				CLANG_ANALYZER_LOCALIZABILITY_NONLOCALIZED = YES;
				CLANG_ANALYZER_NONNULL = YES;
				CLANG_ANALYZER_NUMBER_OBJECT_CONVERSION = YES_AGGRESSIVE;
				CLANG_CXX_LANGUAGE_STANDARD = "gnu++20";
				CLANG_ENABLE_MODULES = YES;
				CLANG_ENABLE_OBJC_ARC = YES;
				CLANG_ENABLE_OBJC_WEAK = YES;
				CLANG_WARN_BLOCK_CAPTURE_AUTORELEASING = YES;
				CLANG_WARN_BOOL_CONVERSION = YES;
				CLANG_WARN_COMMA = YES;
				CLANG_WARN_CONSTANT_CONVERSION = YES;
				CLANG_WARN_DEPRECATED_OBJC_IMPLEMENTATIONS = YES;
				CLANG_WARN_DIRECT_OBJC_ISA_USAGE = YES_ERROR;
				CLANG_WARN_DOCUMENTATION_COMMENTS = YES;
				CLANG_WARN_EMPTY_BODY = YES;
				CLANG_WARN_ENUM_CONVERSION = YES;
				CLANG_WARN_INFINITE_RECURSION = YES;
				CLANG_WARN_INT_CONVERSION = YES;
				CLANG_WARN_NON_LITERAL_NULL_CONVERSION = YES;
				CLANG_WARN_OBJC_IMPLICIT_RETAIN_SELF = YES;
				CLANG_WARN_OBJC_LITERAL_CONVERSION = YES;
				CLANG_WARN_OBJC_ROOT_CLASS = YES_ERROR;
				CLANG_WARN_QUOTED_INCLUDE_IN_FRAMEWORK_HEADER = YES;
				CLANG_WARN_RANGE_LOOP_ANALYSIS = YES;
				CLANG_WARN_STRICT_PROTOTYPES = YES;
				CLANG_WARN_SUSPICIOUS_MOVE = YES;
				CLANG_WARN_UNGUARDED_AVAILABILITY = YES_AGGRESSIVE;
				CLANG_WARN_UNREACHABLE_CODE = YES;
				CLANG_WARN__DUPLICATE_METHOD_MATCH = YES;
				COPY_PHASE_STRIP = NO;
				DEBUG_INFORMATION_FORMAT = "dwarf-with-dsym";
				ENABLE_NS_ASSERTIONS = NO;
				ENABLE_STRICT_OBJC_MSGSEND = YES;
				GCC_C_LANGUAGE_STANDARD = gnu11;
				GCC_NO_COMMON_BLOCKS = YES;
				GCC_WARN_64_TO_32_BIT_CONVERSION = YES;
				GCC_WARN_ABOUT_RETURN_TYPE = YES_ERROR;
				GCC_WARN_UNDECLARED_SELECTOR = YES;
				GCC_WARN_UNINITIALIZED_AUTOS = YES_AGGRESSIVE;
				GCC_WARN_UNUSED_FUNCTION = YES;
				GCC_WARN_UNUSED_VARIABLE = YES;
				IPHONEOS_DEPLOYMENT_TARGET = 13.0;
				MTL_ENABLE_DEBUG_INFO = NO;
				MTL_FAST_MATH = YES;
				SDKROOT = iphoneos;
				SWIFT_COMPILATION_MODE = wholemodule;
				SWIFT_OPTIMIZATION_LEVEL = "-O";
				VALIDATE_PRODUCT = YES;
			};
			name = Release;
		};
		3F6806BE29CBBAF200B4F915 /* Debug */ = {
			isa = XCBuildConfiguration;
			buildSettings = {
				ASSETCATALOG_COMPILER_APPICON_NAME = AppIcon;
				ASSETCATALOG_COMPILER_GLOBAL_ACCENT_COLOR_NAME = AccentColor;
				CODE_SIGN_STYLE = Automatic;
				CURRENT_PROJECT_VERSION = 1;
				DEVELOPMENT_TEAM = "";
				GENERATE_INFOPLIST_FILE = YES;
				INFOPLIST_FILE = FakeNFT/Info.plist;
				INFOPLIST_KEY_UIApplicationSupportsIndirectInputEvents = YES;
				INFOPLIST_KEY_UILaunchStoryboardName = LaunchScreen;
				INFOPLIST_KEY_UISupportedInterfaceOrientations = UIInterfaceOrientationPortrait;
				IPHONEOS_DEPLOYMENT_TARGET = 13.0;
				LD_RUNPATH_SEARCH_PATHS = (
					"$(inherited)",
					"@executable_path/Frameworks",
				);
				MARKETING_VERSION = 1.0;
				PRODUCT_BUNDLE_IDENTIFIER = com.practicum.FakeNFT;
				PRODUCT_NAME = "$(TARGET_NAME)";
				SWIFT_EMIT_LOC_STRINGS = YES;
				SWIFT_VERSION = 5.0;
				TARGETED_DEVICE_FAMILY = "1,2";
			};
			name = Debug;
		};
		3F6806BF29CBBAF200B4F915 /* Release */ = {
			isa = XCBuildConfiguration;
			buildSettings = {
				ASSETCATALOG_COMPILER_APPICON_NAME = AppIcon;
				ASSETCATALOG_COMPILER_GLOBAL_ACCENT_COLOR_NAME = AccentColor;
				CODE_SIGN_STYLE = Automatic;
				CURRENT_PROJECT_VERSION = 1;
				DEVELOPMENT_TEAM = QG29A57C4K;
				GENERATE_INFOPLIST_FILE = YES;
				INFOPLIST_FILE = FakeNFT/Info.plist;
				INFOPLIST_KEY_UIApplicationSupportsIndirectInputEvents = YES;
				INFOPLIST_KEY_UILaunchStoryboardName = LaunchScreen;
				INFOPLIST_KEY_UISupportedInterfaceOrientations = UIInterfaceOrientationPortrait;
				IPHONEOS_DEPLOYMENT_TARGET = 13.0;
				LD_RUNPATH_SEARCH_PATHS = (
					"$(inherited)",
					"@executable_path/Frameworks",
				);
				MARKETING_VERSION = 1.0;
				PRODUCT_BUNDLE_IDENTIFIER = com.practicum.FakeNFT;
				PRODUCT_NAME = "$(TARGET_NAME)";
				SWIFT_EMIT_LOC_STRINGS = YES;
				SWIFT_VERSION = 5.0;
				TARGETED_DEVICE_FAMILY = "1,2";
			};
			name = Release;
		};
		3F6806C129CBBAF200B4F915 /* Debug */ = {
			isa = XCBuildConfiguration;
			buildSettings = {
				ALWAYS_EMBED_SWIFT_STANDARD_LIBRARIES = YES;
				BUNDLE_LOADER = "$(TEST_HOST)";
				CODE_SIGN_STYLE = Automatic;
				CURRENT_PROJECT_VERSION = 1;
				GENERATE_INFOPLIST_FILE = YES;
				IPHONEOS_DEPLOYMENT_TARGET = 16.2;
				MARKETING_VERSION = 1.0;
				PRODUCT_BUNDLE_IDENTIFIER = com.practicum.FakeNFTTests;
				PRODUCT_NAME = "$(TARGET_NAME)";
				SWIFT_EMIT_LOC_STRINGS = NO;
				SWIFT_VERSION = 5.0;
				TARGETED_DEVICE_FAMILY = "1,2";
				TEST_HOST = "$(BUILT_PRODUCTS_DIR)/FakeNFT.app/$(BUNDLE_EXECUTABLE_FOLDER_PATH)/FakeNFT";
			};
			name = Debug;
		};
		3F6806C229CBBAF200B4F915 /* Release */ = {
			isa = XCBuildConfiguration;
			buildSettings = {
				ALWAYS_EMBED_SWIFT_STANDARD_LIBRARIES = YES;
				BUNDLE_LOADER = "$(TEST_HOST)";
				CODE_SIGN_STYLE = Automatic;
				CURRENT_PROJECT_VERSION = 1;
				GENERATE_INFOPLIST_FILE = YES;
				IPHONEOS_DEPLOYMENT_TARGET = 16.2;
				MARKETING_VERSION = 1.0;
				PRODUCT_BUNDLE_IDENTIFIER = com.practicum.FakeNFTTests;
				PRODUCT_NAME = "$(TARGET_NAME)";
				SWIFT_EMIT_LOC_STRINGS = NO;
				SWIFT_VERSION = 5.0;
				TARGETED_DEVICE_FAMILY = "1,2";
				TEST_HOST = "$(BUILT_PRODUCTS_DIR)/FakeNFT.app/$(BUNDLE_EXECUTABLE_FOLDER_PATH)/FakeNFT";
			};
			name = Release;
		};
		3F6806C429CBBAF200B4F915 /* Debug */ = {
			isa = XCBuildConfiguration;
			buildSettings = {
				ALWAYS_EMBED_SWIFT_STANDARD_LIBRARIES = YES;
				CODE_SIGN_STYLE = Automatic;
				CURRENT_PROJECT_VERSION = 1;
				GENERATE_INFOPLIST_FILE = YES;
				MARKETING_VERSION = 1.0;
				PRODUCT_BUNDLE_IDENTIFIER = com.practicum.FakeNFTUITests;
				PRODUCT_NAME = "$(TARGET_NAME)";
				SWIFT_EMIT_LOC_STRINGS = NO;
				SWIFT_VERSION = 5.0;
				TARGETED_DEVICE_FAMILY = "1,2";
				TEST_TARGET_NAME = FakeNFT;
			};
			name = Debug;
		};
		3F6806C529CBBAF200B4F915 /* Release */ = {
			isa = XCBuildConfiguration;
			buildSettings = {
				ALWAYS_EMBED_SWIFT_STANDARD_LIBRARIES = YES;
				CODE_SIGN_STYLE = Automatic;
				CURRENT_PROJECT_VERSION = 1;
				GENERATE_INFOPLIST_FILE = YES;
				MARKETING_VERSION = 1.0;
				PRODUCT_BUNDLE_IDENTIFIER = com.practicum.FakeNFTUITests;
				PRODUCT_NAME = "$(TARGET_NAME)";
				SWIFT_EMIT_LOC_STRINGS = NO;
				SWIFT_VERSION = 5.0;
				TARGETED_DEVICE_FAMILY = "1,2";
				TEST_TARGET_NAME = FakeNFT;
			};
			name = Release;
		};
/* End XCBuildConfiguration section */

/* Begin XCConfigurationList section */
		3F68068E29CBBAF100B4F915 /* Build configuration list for PBXProject "FakeNFT" */ = {
			isa = XCConfigurationList;
			buildConfigurations = (
				3F6806BB29CBBAF200B4F915 /* Debug */,
				3F6806BC29CBBAF200B4F915 /* Release */,
			);
			defaultConfigurationIsVisible = 0;
			defaultConfigurationName = Release;
		};
		3F6806BD29CBBAF200B4F915 /* Build configuration list for PBXNativeTarget "FakeNFT" */ = {
			isa = XCConfigurationList;
			buildConfigurations = (
				3F6806BE29CBBAF200B4F915 /* Debug */,
				3F6806BF29CBBAF200B4F915 /* Release */,
			);
			defaultConfigurationIsVisible = 0;
			defaultConfigurationName = Release;
		};
		3F6806C029CBBAF200B4F915 /* Build configuration list for PBXNativeTarget "FakeNFTTests" */ = {
			isa = XCConfigurationList;
			buildConfigurations = (
				3F6806C129CBBAF200B4F915 /* Debug */,
				3F6806C229CBBAF200B4F915 /* Release */,
			);
			defaultConfigurationIsVisible = 0;
			defaultConfigurationName = Release;
		};
		3F6806C329CBBAF200B4F915 /* Build configuration list for PBXNativeTarget "FakeNFTUITests" */ = {
			isa = XCConfigurationList;
			buildConfigurations = (
				3F6806C429CBBAF200B4F915 /* Debug */,
				3F6806C529CBBAF200B4F915 /* Release */,
			);
			defaultConfigurationIsVisible = 0;
			defaultConfigurationName = Release;
		};
/* End XCConfigurationList section */

/* Begin XCRemoteSwiftPackageReference section */
		3F603CCB29DB4A53000C43D7 /* XCRemoteSwiftPackageReference "ProgressHUD" */ = {
			isa = XCRemoteSwiftPackageReference;
			repositoryURL = "https://github.com/relatedcode/ProgressHUD";
			requirement = {
				kind = upToNextMajorVersion;
				minimumVersion = 13.0.0;
			};
		};
		3F603CCE29DB4A74000C43D7 /* XCRemoteSwiftPackageReference "Kingfisher" */ = {
			isa = XCRemoteSwiftPackageReference;
			repositoryURL = "https://github.com/onevcat/Kingfisher.git";
			requirement = {
				kind = upToNextMajorVersion;
				minimumVersion = 7.0.0;
			};
		};
/* End XCRemoteSwiftPackageReference section */

/* Begin XCSwiftPackageProductDependency section */
		3F603CCC29DB4A53000C43D7 /* ProgressHUD */ = {
			isa = XCSwiftPackageProductDependency;
			package = 3F603CCB29DB4A53000C43D7 /* XCRemoteSwiftPackageReference "ProgressHUD" */;
			productName = ProgressHUD;
		};
		3F603CCF29DB4A74000C43D7 /* Kingfisher */ = {
			isa = XCSwiftPackageProductDependency;
			package = 3F603CCE29DB4A74000C43D7 /* XCRemoteSwiftPackageReference "Kingfisher" */;
			productName = Kingfisher;
		};
/* End XCSwiftPackageProductDependency section */
	};
	rootObject = 3F68068B29CBBAF100B4F915 /* Project object */;
}
