// !$*UTF8*$!
{
	archiveVersion = 1;
	classes = {
	};
	objectVersion = 56;
	objects = {

/* Begin PBXBuildFile section */
		053FA14A2B8FF16700EBA3C2 /* Constants.swift in Sources */ = {isa = PBXBuildFile; fileRef = 053FA1492B8FF16700EBA3C2 /* Constants.swift */; };
		053FA14C2B8FF2C000EBA3C2 /* ColorsProfile.swift in Sources */ = {isa = PBXBuildFile; fileRef = 053FA14B2B8FF2C000EBA3C2 /* ColorsProfile.swift */; };
		053FA14E2B8FF30A00EBA3C2 /* Image.swift in Sources */ = {isa = PBXBuildFile; fileRef = 053FA14D2B8FF30A00EBA3C2 /* Image.swift */; };
		053FA1502B8FF3E700EBA3C2 /* DateFormatters+Presets.swift in Sources */ = {isa = PBXBuildFile; fileRef = 053FA14F2B8FF3E700EBA3C2 /* DateFormatters+Presets.swift */; };
		053FA1532B8FF77E00EBA3C2 /* ProfileProtocols.swift in Sources */ = {isa = PBXBuildFile; fileRef = 053FA1522B8FF77E00EBA3C2 /* ProfileProtocols.swift */; };
		053FA1552B8FF78600EBA3C2 /* ProfileEditProtocols.swift in Sources */ = {isa = PBXBuildFile; fileRef = 053FA1542B8FF78600EBA3C2 /* ProfileEditProtocols.swift */; };
		053FA1572B8FFBEF00EBA3C2 /* UserDefaultsManager.swift in Sources */ = {isa = PBXBuildFile; fileRef = 053FA1562B8FFBEF00EBA3C2 /* UserDefaultsManager.swift */; };
		053FA15B2B90020000EBA3C2 /* StatisticsViewController.swift in Sources */ = {isa = PBXBuildFile; fileRef = 053FA15A2B90020000EBA3C2 /* StatisticsViewController.swift */; };
		053FA15E2B90022500EBA3C2 /* BasketViewController.swift in Sources */ = {isa = PBXBuildFile; fileRef = 053FA15D2B90022500EBA3C2 /* BasketViewController.swift */; };
		05B442742B7BD8A7009055C7 /* LikeService.swift in Sources */ = {isa = PBXBuildFile; fileRef = 05B442732B7BD8A7009055C7 /* LikeService.swift */; };
		05B442762B7BD8B0009055C7 /* EditedParameterLabel.swift in Sources */ = {isa = PBXBuildFile; fileRef = 05B442752B7BD8B0009055C7 /* EditedParameterLabel.swift */; };
		05B442782B7BD8B8009055C7 /* CustomTextField.swift in Sources */ = {isa = PBXBuildFile; fileRef = 05B442772B7BD8B8009055C7 /* CustomTextField.swift */; };
		05B4427A2B7BD8DF009055C7 /* CustomTextView.swift in Sources */ = {isa = PBXBuildFile; fileRef = 05B442792B7BD8DF009055C7 /* CustomTextView.swift */; };
		05B4427C2B7BD8E8009055C7 /* UIStackView+Extension.swift in Sources */ = {isa = PBXBuildFile; fileRef = 05B4427B2B7BD8E8009055C7 /* UIStackView+Extension.swift */; };
		05B4427F2B7BDDA9009055C7 /* UserAboutWebView.swift in Sources */ = {isa = PBXBuildFile; fileRef = 05B4427E2B7BDDA9009055C7 /* UserAboutWebView.swift */; };
		05B442812B7BDDB1009055C7 /* EditableProfileModel.swift in Sources */ = {isa = PBXBuildFile; fileRef = 05B442802B7BDDB1009055C7 /* EditableProfileModel.swift */; };
		05B442832B7BDDB9009055C7 /* ProfileResponseModel.swift in Sources */ = {isa = PBXBuildFile; fileRef = 05B442822B7BDDB9009055C7 /* ProfileResponseModel.swift */; };
		05B442852B7BDDC4009055C7 /* NFTResponseModel.swift in Sources */ = {isa = PBXBuildFile; fileRef = 05B442842B7BDDC4009055C7 /* NFTResponseModel.swift */; };
		05B442872B7BDDD1009055C7 /* AuthorResponseModel.swift in Sources */ = {isa = PBXBuildFile; fileRef = 05B442862B7BDDD1009055C7 /* AuthorResponseModel.swift */; };
		05B442892B7BDDD9009055C7 /* MyNFTModel.swift in Sources */ = {isa = PBXBuildFile; fileRef = 05B442882B7BDDD9009055C7 /* MyNFTModel.swift */; };
		05B4428C2B7BDEA2009055C7 /* AlertActionModel.swift in Sources */ = {isa = PBXBuildFile; fileRef = 05B4428B2B7BDEA2009055C7 /* AlertActionModel.swift */; };
		05B4428E2B7BDEAD009055C7 /* AlertPresenter.swift in Sources */ = {isa = PBXBuildFile; fileRef = 05B4428D2B7BDEAD009055C7 /* AlertPresenter.swift */; };
		05B442902B7BDEBC009055C7 /* AlertPresenterProtocol.swift in Sources */ = {isa = PBXBuildFile; fileRef = 05B4428F2B7BDEBC009055C7 /* AlertPresenterProtocol.swift */; };
		05B442942B7BE15E009055C7 /* ProfileConstants.swift in Sources */ = {isa = PBXBuildFile; fileRef = 05B442932B7BE15E009055C7 /* ProfileConstants.swift */; };
		05B4429E2B7BF587009055C7 /* CellsReusingUtils.swift in Sources */ = {isa = PBXBuildFile; fileRef = 05B4429D2B7BF587009055C7 /* CellsReusingUtils.swift */; };
		05B442A02B7BF5CC009055C7 /* UIBlockingProgressHUD.swift in Sources */ = {isa = PBXBuildFile; fileRef = 05B4429F2B7BF5CC009055C7 /* UIBlockingProgressHUD.swift */; };
		05B442A22B7BF5D9009055C7 /* ProfileModel.swift in Sources */ = {isa = PBXBuildFile; fileRef = 05B442A12B7BF5D9009055C7 /* ProfileModel.swift */; };
		05B442A42B7BF5E1009055C7 /* ProfileRequest.swift in Sources */ = {isa = PBXBuildFile; fileRef = 05B442A32B7BF5E1009055C7 /* ProfileRequest.swift */; };
		05B442A62B7BF5EB009055C7 /* SetLikesRequest.swift in Sources */ = {isa = PBXBuildFile; fileRef = 05B442A52B7BF5EB009055C7 /* SetLikesRequest.swift */; };
		05B442A82B7BF5F8009055C7 /* ProfileNetworkService.swift in Sources */ = {isa = PBXBuildFile; fileRef = 05B442A72B7BF5F8009055C7 /* ProfileNetworkService.swift */; };
		0C79EE612A76DCD600EE90EA /* ProfileViewController.swift in Sources */ = {isa = PBXBuildFile; fileRef = 0C79EE602A76DCD600EE90EA /* ProfileViewController.swift */; };
		0C79EE632A76DD1900EE90EA /* ProfileViewPresenter.swift in Sources */ = {isa = PBXBuildFile; fileRef = 0C79EE622A76DD1900EE90EA /* ProfileViewPresenter.swift */; };
		0C79EE662A76DDFF00EE90EA /* MyNFTPresentationModel.swift in Sources */ = {isa = PBXBuildFile; fileRef = 0C79EE652A76DDFF00EE90EA /* MyNFTPresentationModel.swift */; };
		0C79EE682A76DE0900EE90EA /* EditableParameters.swift in Sources */ = {isa = PBXBuildFile; fileRef = 0C79EE672A76DE0900EE90EA /* EditableParameters.swift */; };
		0C79EE6A2A76DE1000EE90EA /* NFTsNetworkClientProtocol.swift in Sources */ = {isa = PBXBuildFile; fileRef = 0C79EE692A76DE1000EE90EA /* NFTsNetworkClientProtocol.swift */; };
		0C79EE6C2A76DE2E00EE90EA /* ProfileNetworkClient.swift in Sources */ = {isa = PBXBuildFile; fileRef = 0C79EE6B2A76DE2E00EE90EA /* ProfileNetworkClient.swift */; };
		0CFCB7402A78002A0009A829 /* ProfileNFTsNetworkClient.swift in Sources */ = {isa = PBXBuildFile; fileRef = 0CFCB73F2A78002A0009A829 /* ProfileNFTsNetworkClient.swift */; };
		0CFCB7442A7802440009A829 /* StringRepresentableEnum.swift in Sources */ = {isa = PBXBuildFile; fileRef = 0CFCB7432A7802440009A829 /* StringRepresentableEnum.swift */; };
		0CFCB7462A78064B0009A829 /* ProfileEditViewController.swift in Sources */ = {isa = PBXBuildFile; fileRef = 0CFCB7452A78064B0009A829 /* ProfileEditViewController.swift */; };
		0CFCB7492A7808900009A829 /* UserAboutPresenter.swift in Sources */ = {isa = PBXBuildFile; fileRef = 0CFCB7482A7808900009A829 /* UserAboutPresenter.swift */; };
		3F478ECF29DB474E00F6D39E /* Colors.swift in Sources */ = {isa = PBXBuildFile; fileRef = 3F478ECE29DB474E00F6D39E /* Colors.swift */; };
		3F478ED129DB476500F6D39E /* Fonts.swift in Sources */ = {isa = PBXBuildFile; fileRef = 3F478ED029DB476500F6D39E /* Fonts.swift */; };
		3F603CCD29DB4A53000C43D7 /* ProgressHUD in Frameworks */ = {isa = PBXBuildFile; productRef = 3F603CCC29DB4A53000C43D7 /* ProgressHUD */; };
		3F603CD029DB4A74000C43D7 /* Kingfisher in Frameworks */ = {isa = PBXBuildFile; productRef = 3F603CCF29DB4A74000C43D7 /* Kingfisher */; };
		3F68069729CBBAF100B4F915 /* AppDelegate.swift in Sources */ = {isa = PBXBuildFile; fileRef = 3F68069629CBBAF100B4F915 /* AppDelegate.swift */; };
		3F68069929CBBAF100B4F915 /* SceneDelegate.swift in Sources */ = {isa = PBXBuildFile; fileRef = 3F68069829CBBAF100B4F915 /* SceneDelegate.swift */; };
		3F68069B29CBBAF100B4F915 /* ProfileSortOption.swift in Sources */ = {isa = PBXBuildFile; fileRef = 3F68069A29CBBAF100B4F915 /* ProfileSortOption.swift */; };
		3F6806A029CBBAF200B4F915 /* Assets.xcassets in Resources */ = {isa = PBXBuildFile; fileRef = 3F68069F29CBBAF200B4F915 /* Assets.xcassets */; };
		3F6806A329CBBAF200B4F915 /* LaunchScreen.storyboard in Resources */ = {isa = PBXBuildFile; fileRef = 3F6806A129CBBAF200B4F915 /* LaunchScreen.storyboard */; };
		3F6806AE29CBBAF200B4F915 /* ExampleUnitTests.swift in Sources */ = {isa = PBXBuildFile; fileRef = 3F6806AD29CBBAF200B4F915 /* ExampleUnitTests.swift */; };
		3F6806B829CBBAF200B4F915 /* FakeNFTUITests.swift in Sources */ = {isa = PBXBuildFile; fileRef = 3F6806B729CBBAF200B4F915 /* FakeNFTUITests.swift */; };
		3F6806D129CBBE6B00B4F915 /* NetworkClient.swift in Sources */ = {isa = PBXBuildFile; fileRef = 3F6806D029CBBE6B00B4F915 /* NetworkClient.swift */; };
		3F6806D329CBBE9600B4F915 /* NetworkRequest.swift in Sources */ = {isa = PBXBuildFile; fileRef = 3F6806D229CBBE9600B4F915 /* NetworkRequest.swift */; };
		3F6806D529CBBEC700B4F915 /* NetworkTask.swift in Sources */ = {isa = PBXBuildFile; fileRef = 3F6806D429CBBEC700B4F915 /* NetworkTask.swift */; };
		3FC8C38B29D242E90081F015 /* ProfileRequests.swift in Sources */ = {isa = PBXBuildFile; fileRef = 3FC8C38A29D242E90081F015 /* ProfileRequests.swift */; };
		3FC8C39129D2453B0081F015 /* ProfileTableViewCell.swift in Sources */ = {isa = PBXBuildFile; fileRef = 3FC8C39029D2453B0081F015 /* ProfileTableViewCell.swift */; };
		E19CD5AB2A98B56600CA39A5 /* ProfileEditPresenter.swift in Sources */ = {isa = PBXBuildFile; fileRef = E19CD5AA2A98B56600CA39A5 /* ProfileEditPresenter.swift */; };
		E1A1B9DA2AA01CE400C3AFBC /* TabBar.swift in Sources */ = {isa = PBXBuildFile; fileRef = E1A1B9D92AA01CE400C3AFBC /* TabBar.swift */; };
		E1CD40DC2A96BECC00BE7FE8 /* Localizable.strings in Resources */ = {isa = PBXBuildFile; fileRef = E1CD40DB2A96BECC00BE7FE8 /* Localizable.strings */; };
/* End PBXBuildFile section */

/* Begin PBXContainerItemProxy section */
		3F6806AA29CBBAF200B4F915 /* PBXContainerItemProxy */ = {
			isa = PBXContainerItemProxy;
			containerPortal = 3F68068B29CBBAF100B4F915 /* Project object */;
			proxyType = 1;
			remoteGlobalIDString = 3F68069229CBBAF100B4F915;
			remoteInfo = FakeNFT;
		};
		3F6806B429CBBAF200B4F915 /* PBXContainerItemProxy */ = {
			isa = PBXContainerItemProxy;
			containerPortal = 3F68068B29CBBAF100B4F915 /* Project object */;
			proxyType = 1;
			remoteGlobalIDString = 3F68069229CBBAF100B4F915;
			remoteInfo = FakeNFT;
		};
/* End PBXContainerItemProxy section */

/* Begin PBXFileReference section */
		053FA1492B8FF16700EBA3C2 /* Constants.swift */ = {isa = PBXFileReference; lastKnownFileType = sourcecode.swift; path = Constants.swift; sourceTree = "<group>"; };
		053FA14B2B8FF2C000EBA3C2 /* ColorsProfile.swift */ = {isa = PBXFileReference; lastKnownFileType = sourcecode.swift; path = ColorsProfile.swift; sourceTree = "<group>"; };
		053FA14D2B8FF30A00EBA3C2 /* Image.swift */ = {isa = PBXFileReference; lastKnownFileType = sourcecode.swift; path = Image.swift; sourceTree = "<group>"; };
		053FA14F2B8FF3E700EBA3C2 /* DateFormatters+Presets.swift */ = {isa = PBXFileReference; lastKnownFileType = sourcecode.swift; path = "DateFormatters+Presets.swift"; sourceTree = "<group>"; };
		053FA1522B8FF77E00EBA3C2 /* ProfileProtocols.swift */ = {isa = PBXFileReference; lastKnownFileType = sourcecode.swift; path = ProfileProtocols.swift; sourceTree = "<group>"; };
		053FA1542B8FF78600EBA3C2 /* ProfileEditProtocols.swift */ = {isa = PBXFileReference; lastKnownFileType = sourcecode.swift; path = ProfileEditProtocols.swift; sourceTree = "<group>"; };
		053FA1562B8FFBEF00EBA3C2 /* UserDefaultsManager.swift */ = {isa = PBXFileReference; lastKnownFileType = sourcecode.swift; path = UserDefaultsManager.swift; sourceTree = "<group>"; };
		053FA15A2B90020000EBA3C2 /* StatisticsViewController.swift */ = {isa = PBXFileReference; lastKnownFileType = sourcecode.swift; path = StatisticsViewController.swift; sourceTree = "<group>"; };
		053FA15D2B90022500EBA3C2 /* BasketViewController.swift */ = {isa = PBXFileReference; lastKnownFileType = sourcecode.swift; path = BasketViewController.swift; sourceTree = "<group>"; };
		05B442732B7BD8A7009055C7 /* LikeService.swift */ = {isa = PBXFileReference; lastKnownFileType = sourcecode.swift; path = LikeService.swift; sourceTree = "<group>"; };
		05B442752B7BD8B0009055C7 /* EditedParameterLabel.swift */ = {isa = PBXFileReference; lastKnownFileType = sourcecode.swift; path = EditedParameterLabel.swift; sourceTree = "<group>"; };
		05B442772B7BD8B8009055C7 /* CustomTextField.swift */ = {isa = PBXFileReference; lastKnownFileType = sourcecode.swift; path = CustomTextField.swift; sourceTree = "<group>"; };
		05B442792B7BD8DF009055C7 /* CustomTextView.swift */ = {isa = PBXFileReference; lastKnownFileType = sourcecode.swift; path = CustomTextView.swift; sourceTree = "<group>"; };
		05B4427B2B7BD8E8009055C7 /* UIStackView+Extension.swift */ = {isa = PBXFileReference; lastKnownFileType = sourcecode.swift; path = "UIStackView+Extension.swift"; sourceTree = "<group>"; };
		05B4427E2B7BDDA9009055C7 /* UserAboutWebView.swift */ = {isa = PBXFileReference; lastKnownFileType = sourcecode.swift; path = UserAboutWebView.swift; sourceTree = "<group>"; };
		05B442802B7BDDB1009055C7 /* EditableProfileModel.swift */ = {isa = PBXFileReference; lastKnownFileType = sourcecode.swift; path = EditableProfileModel.swift; sourceTree = "<group>"; };
		05B442822B7BDDB9009055C7 /* ProfileResponseModel.swift */ = {isa = PBXFileReference; lastKnownFileType = sourcecode.swift; path = ProfileResponseModel.swift; sourceTree = "<group>"; };
		05B442842B7BDDC4009055C7 /* NFTResponseModel.swift */ = {isa = PBXFileReference; lastKnownFileType = sourcecode.swift; path = NFTResponseModel.swift; sourceTree = "<group>"; };
		05B442862B7BDDD1009055C7 /* AuthorResponseModel.swift */ = {isa = PBXFileReference; lastKnownFileType = sourcecode.swift; path = AuthorResponseModel.swift; sourceTree = "<group>"; };
		05B442882B7BDDD9009055C7 /* MyNFTModel.swift */ = {isa = PBXFileReference; lastKnownFileType = sourcecode.swift; path = MyNFTModel.swift; sourceTree = "<group>"; };
		05B4428B2B7BDEA2009055C7 /* AlertActionModel.swift */ = {isa = PBXFileReference; lastKnownFileType = sourcecode.swift; path = AlertActionModel.swift; sourceTree = "<group>"; };
		05B4428D2B7BDEAD009055C7 /* AlertPresenter.swift */ = {isa = PBXFileReference; lastKnownFileType = sourcecode.swift; path = AlertPresenter.swift; sourceTree = "<group>"; };
		05B4428F2B7BDEBC009055C7 /* AlertPresenterProtocol.swift */ = {isa = PBXFileReference; lastKnownFileType = sourcecode.swift; path = AlertPresenterProtocol.swift; sourceTree = "<group>"; };
		05B442932B7BE15E009055C7 /* ProfileConstants.swift */ = {isa = PBXFileReference; lastKnownFileType = sourcecode.swift; path = ProfileConstants.swift; sourceTree = "<group>"; };
		05B4429D2B7BF587009055C7 /* CellsReusingUtils.swift */ = {isa = PBXFileReference; lastKnownFileType = sourcecode.swift; path = CellsReusingUtils.swift; sourceTree = "<group>"; };
		05B4429F2B7BF5CC009055C7 /* UIBlockingProgressHUD.swift */ = {isa = PBXFileReference; lastKnownFileType = sourcecode.swift; path = UIBlockingProgressHUD.swift; sourceTree = "<group>"; };
		05B442A12B7BF5D9009055C7 /* ProfileModel.swift */ = {isa = PBXFileReference; lastKnownFileType = sourcecode.swift; path = ProfileModel.swift; sourceTree = "<group>"; };
		05B442A32B7BF5E1009055C7 /* ProfileRequest.swift */ = {isa = PBXFileReference; lastKnownFileType = sourcecode.swift; path = ProfileRequest.swift; sourceTree = "<group>"; };
		05B442A52B7BF5EB009055C7 /* SetLikesRequest.swift */ = {isa = PBXFileReference; lastKnownFileType = sourcecode.swift; path = SetLikesRequest.swift; sourceTree = "<group>"; };
		05B442A72B7BF5F8009055C7 /* ProfileNetworkService.swift */ = {isa = PBXFileReference; lastKnownFileType = sourcecode.swift; path = ProfileNetworkService.swift; sourceTree = "<group>"; };
		0C79EE602A76DCD600EE90EA /* ProfileViewController.swift */ = {isa = PBXFileReference; lastKnownFileType = sourcecode.swift; path = ProfileViewController.swift; sourceTree = "<group>"; };
		0C79EE622A76DD1900EE90EA /* ProfileViewPresenter.swift */ = {isa = PBXFileReference; lastKnownFileType = sourcecode.swift; path = ProfileViewPresenter.swift; sourceTree = "<group>"; };
		0C79EE652A76DDFF00EE90EA /* MyNFTPresentationModel.swift */ = {isa = PBXFileReference; lastKnownFileType = sourcecode.swift; path = MyNFTPresentationModel.swift; sourceTree = "<group>"; };
		0C79EE672A76DE0900EE90EA /* EditableParameters.swift */ = {isa = PBXFileReference; lastKnownFileType = sourcecode.swift; path = EditableParameters.swift; sourceTree = "<group>"; };
		0C79EE692A76DE1000EE90EA /* NFTsNetworkClientProtocol.swift */ = {isa = PBXFileReference; lastKnownFileType = sourcecode.swift; path = NFTsNetworkClientProtocol.swift; sourceTree = "<group>"; };
		0C79EE6B2A76DE2E00EE90EA /* ProfileNetworkClient.swift */ = {isa = PBXFileReference; lastKnownFileType = sourcecode.swift; path = ProfileNetworkClient.swift; sourceTree = "<group>"; };
		0CFCB73F2A78002A0009A829 /* ProfileNFTsNetworkClient.swift */ = {isa = PBXFileReference; lastKnownFileType = sourcecode.swift; path = ProfileNFTsNetworkClient.swift; sourceTree = "<group>"; };
		0CFCB7432A7802440009A829 /* StringRepresentableEnum.swift */ = {isa = PBXFileReference; lastKnownFileType = sourcecode.swift; path = StringRepresentableEnum.swift; sourceTree = "<group>"; };
		0CFCB7452A78064B0009A829 /* ProfileEditViewController.swift */ = {isa = PBXFileReference; lastKnownFileType = sourcecode.swift; path = ProfileEditViewController.swift; sourceTree = "<group>"; };
		0CFCB7482A7808900009A829 /* UserAboutPresenter.swift */ = {isa = PBXFileReference; lastKnownFileType = sourcecode.swift; path = UserAboutPresenter.swift; sourceTree = "<group>"; };
		3F478ECE29DB474E00F6D39E /* Colors.swift */ = {isa = PBXFileReference; lastKnownFileType = sourcecode.swift; path = Colors.swift; sourceTree = "<group>"; };
		3F478ED029DB476500F6D39E /* Fonts.swift */ = {isa = PBXFileReference; lastKnownFileType = sourcecode.swift; path = Fonts.swift; sourceTree = "<group>"; };
		3F68069329CBBAF100B4F915 /* FakeNFT.app */ = {isa = PBXFileReference; explicitFileType = wrapper.application; includeInIndex = 0; path = FakeNFT.app; sourceTree = BUILT_PRODUCTS_DIR; };
		3F68069629CBBAF100B4F915 /* AppDelegate.swift */ = {isa = PBXFileReference; lastKnownFileType = sourcecode.swift; path = AppDelegate.swift; sourceTree = "<group>"; };
		3F68069829CBBAF100B4F915 /* SceneDelegate.swift */ = {isa = PBXFileReference; lastKnownFileType = sourcecode.swift; path = SceneDelegate.swift; sourceTree = "<group>"; };
		3F68069A29CBBAF100B4F915 /* ProfileSortOption.swift */ = {isa = PBXFileReference; lastKnownFileType = sourcecode.swift; path = ProfileSortOption.swift; sourceTree = "<group>"; };
		3F68069F29CBBAF200B4F915 /* Assets.xcassets */ = {isa = PBXFileReference; lastKnownFileType = folder.assetcatalog; path = Assets.xcassets; sourceTree = "<group>"; };
		3F6806A229CBBAF200B4F915 /* Base */ = {isa = PBXFileReference; lastKnownFileType = file.storyboard; name = Base; path = Base.lproj/LaunchScreen.storyboard; sourceTree = "<group>"; };
		3F6806A429CBBAF200B4F915 /* Info.plist */ = {isa = PBXFileReference; lastKnownFileType = text.plist.xml; path = Info.plist; sourceTree = "<group>"; };
		3F6806A929CBBAF200B4F915 /* FakeNFTTests.xctest */ = {isa = PBXFileReference; explicitFileType = wrapper.cfbundle; includeInIndex = 0; path = FakeNFTTests.xctest; sourceTree = BUILT_PRODUCTS_DIR; };
		3F6806AD29CBBAF200B4F915 /* ExampleUnitTests.swift */ = {isa = PBXFileReference; lastKnownFileType = sourcecode.swift; path = ExampleUnitTests.swift; sourceTree = "<group>"; };
		3F6806B329CBBAF200B4F915 /* FakeNFTUITests.xctest */ = {isa = PBXFileReference; explicitFileType = wrapper.cfbundle; includeInIndex = 0; path = FakeNFTUITests.xctest; sourceTree = BUILT_PRODUCTS_DIR; };
		3F6806B729CBBAF200B4F915 /* FakeNFTUITests.swift */ = {isa = PBXFileReference; lastKnownFileType = sourcecode.swift; path = FakeNFTUITests.swift; sourceTree = "<group>"; };
		3F6806D029CBBE6B00B4F915 /* NetworkClient.swift */ = {isa = PBXFileReference; lastKnownFileType = sourcecode.swift; path = NetworkClient.swift; sourceTree = "<group>"; };
		3F6806D229CBBE9600B4F915 /* NetworkRequest.swift */ = {isa = PBXFileReference; lastKnownFileType = sourcecode.swift; path = NetworkRequest.swift; sourceTree = "<group>"; };
		3F6806D429CBBEC700B4F915 /* NetworkTask.swift */ = {isa = PBXFileReference; lastKnownFileType = sourcecode.swift; path = NetworkTask.swift; sourceTree = "<group>"; };
		3FC8C38A29D242E90081F015 /* ProfileRequests.swift */ = {isa = PBXFileReference; lastKnownFileType = sourcecode.swift; path = ProfileRequests.swift; sourceTree = "<group>"; };
		3FC8C39029D2453B0081F015 /* ProfileTableViewCell.swift */ = {isa = PBXFileReference; lastKnownFileType = sourcecode.swift; path = ProfileTableViewCell.swift; sourceTree = "<group>"; };
		E19CD5AA2A98B56600CA39A5 /* ProfileEditPresenter.swift */ = {isa = PBXFileReference; lastKnownFileType = sourcecode.swift; path = ProfileEditPresenter.swift; sourceTree = "<group>"; };
		E1A1B9D92AA01CE400C3AFBC /* TabBar.swift */ = {isa = PBXFileReference; lastKnownFileType = sourcecode.swift; path = TabBar.swift; sourceTree = "<group>"; };
		E1CD40D92A96BE7D00BE7FE8 /* ru */ = {isa = PBXFileReference; lastKnownFileType = text.plist.strings; name = ru; path = ru.lproj/LaunchScreen.strings; sourceTree = "<group>"; };
		E1CD40DB2A96BECC00BE7FE8 /* Localizable.strings */ = {isa = PBXFileReference; lastKnownFileType = text.plist.strings; path = Localizable.strings; sourceTree = "<group>"; };
/* End PBXFileReference section */

/* Begin PBXFrameworksBuildPhase section */
		3F68069029CBBAF100B4F915 /* Frameworks */ = {
			isa = PBXFrameworksBuildPhase;
			buildActionMask = 2147483647;
			files = (
				3F603CD029DB4A74000C43D7 /* Kingfisher in Frameworks */,
				3F603CCD29DB4A53000C43D7 /* ProgressHUD in Frameworks */,
			);
			runOnlyForDeploymentPostprocessing = 0;
		};
		3F6806A629CBBAF200B4F915 /* Frameworks */ = {
			isa = PBXFrameworksBuildPhase;
			buildActionMask = 2147483647;
			files = (
			);
			runOnlyForDeploymentPostprocessing = 0;
		};
		3F6806B029CBBAF200B4F915 /* Frameworks */ = {
			isa = PBXFrameworksBuildPhase;
			buildActionMask = 2147483647;
			files = (
			);
			runOnlyForDeploymentPostprocessing = 0;
		};
/* End PBXFrameworksBuildPhase section */

/* Begin PBXGroup section */
		053FA1512B8FF6B500EBA3C2 /* Models */ = {
			isa = PBXGroup;
			children = (
				05B442822B7BDDB9009055C7 /* ProfileResponseModel.swift */,
				05B442802B7BDDB1009055C7 /* EditableProfileModel.swift */,
				05B442842B7BDDC4009055C7 /* NFTResponseModel.swift */,
				05B442862B7BDDD1009055C7 /* AuthorResponseModel.swift */,
				05B442882B7BDDD9009055C7 /* MyNFTModel.swift */,
				0C79EE652A76DDFF00EE90EA /* MyNFTPresentationModel.swift */,
				0C79EE672A76DE0900EE90EA /* EditableParameters.swift */,
			);
			path = Models;
			sourceTree = "<group>";
		};
		053FA1582B9001BF00EBA3C2 /* Epics */ = {
			isa = PBXGroup;
			children = (
				053FA15C2B90021400EBA3C2 /* Basket */,
				053FA1592B9001D500EBA3C2 /* Statistic */,
				05B4427D2B7BD8F9009055C7 /* Profile */,
			);
			path = Epics;
			sourceTree = "<group>";
		};
		053FA1592B9001D500EBA3C2 /* Statistic */ = {
			isa = PBXGroup;
			children = (
				053FA15A2B90020000EBA3C2 /* StatisticsViewController.swift */,
			);
			path = Statistic;
			sourceTree = "<group>";
		};
		053FA15C2B90021400EBA3C2 /* Basket */ = {
			isa = PBXGroup;
			children = (
				053FA15D2B90022500EBA3C2 /* BasketViewController.swift */,
			);
			path = Basket;
			sourceTree = "<group>";
		};
		05B442722B7BD896009055C7 /* Presentation */ = {
			isa = PBXGroup;
			children = (
				0CF2C2D92A783C1600FDC837 /* UIComponents */,
				0CFCB7472A7808870009A829 /* UserAboutWebView */,
				E19CD5A92A98B55900CA39A5 /* ProfileEdit */,
			);
			path = Presentation;
			sourceTree = "<group>";
		};
		05B4427D2B7BD8F9009055C7 /* Profile */ = {
			isa = PBXGroup;
			children = (
				3F6806C629CBBC4E00B4F915 /* Helpers */,
				0C79EE642A76DDCF00EE90EA /* Protocols */,
				053FA1512B8FF6B500EBA3C2 /* Models */,
				05B442722B7BD896009055C7 /* Presentation */,
			);
			path = Profile;
			sourceTree = "<group>";
		};
		05B4428A2B7BDE6C009055C7 /* AlertPresenter */ = {
			isa = PBXGroup;
			children = (
				05B4428B2B7BDEA2009055C7 /* AlertActionModel.swift */,
				05B4428D2B7BDEAD009055C7 /* AlertPresenter.swift */,
				05B4428F2B7BDEBC009055C7 /* AlertPresenterProtocol.swift */,
			);
			path = AlertPresenter;
			sourceTree = "<group>";
		};
		05B442952B7BF529009055C7 /* Foundation */ = {
			isa = PBXGroup;
			children = (
				3F6806CF29CBBDB100B4F915 /* NetworkClient */,
			);
			path = Foundation;
			sourceTree = "<group>";
		};
		05B442962B7BF536009055C7 /* Services */ = {
			isa = PBXGroup;
			children = (
				05B4428A2B7BDE6C009055C7 /* AlertPresenter */,
				3F6806C929CBBCAF00B4F915 /* LikeService */,
				3F6806CE29CBBD1B00B4F915 /* BasketService */,
			);
			path = Services;
			sourceTree = "<group>";
		};
		0C79EE642A76DDCF00EE90EA /* Protocols */ = {
			isa = PBXGroup;
			children = (
				3FC8C38F29D245250081F015 /* ProfileSummary */,
			);
			path = Protocols;
			sourceTree = "<group>";
		};
		0CF2C2D92A783C1600FDC837 /* UIComponents */ = {
			isa = PBXGroup;
			children = (
				05B442752B7BD8B0009055C7 /* EditedParameterLabel.swift */,
				05B442772B7BD8B8009055C7 /* CustomTextField.swift */,
				05B442792B7BD8DF009055C7 /* CustomTextView.swift */,
				05B4427B2B7BD8E8009055C7 /* UIStackView+Extension.swift */,
			);
			path = UIComponents;
			sourceTree = "<group>";
		};
		0CFCB7472A7808870009A829 /* UserAboutWebView */ = {
			isa = PBXGroup;
			children = (
				05B4427E2B7BDDA9009055C7 /* UserAboutWebView.swift */,
				0CFCB7482A7808900009A829 /* UserAboutPresenter.swift */,
			);
			path = UserAboutWebView;
			sourceTree = "<group>";
		};
		3F478ECD29DB473000F6D39E /* DesignSystem */ = {
			isa = PBXGroup;
			children = (
				3F478ECE29DB474E00F6D39E /* Colors.swift */,
				3F478ED029DB476500F6D39E /* Fonts.swift */,
				053FA14B2B8FF2C000EBA3C2 /* ColorsProfile.swift */,
				053FA14D2B8FF30A00EBA3C2 /* Image.swift */,
			);
			path = DesignSystem;
			sourceTree = "<group>";
		};
		3F68068A29CBBAF100B4F915 = {
			isa = PBXGroup;
			children = (
				3F68069529CBBAF100B4F915 /* FakeNFT */,
				3F6806AC29CBBAF200B4F915 /* FakeNFTTests */,
				3F6806B629CBBAF200B4F915 /* FakeNFTUITests */,
				3F68069429CBBAF100B4F915 /* Products */,
			);
			sourceTree = "<group>";
		};
		3F68069429CBBAF100B4F915 /* Products */ = {
			isa = PBXGroup;
			children = (
				3F68069329CBBAF100B4F915 /* FakeNFT.app */,
				3F6806A929CBBAF200B4F915 /* FakeNFTTests.xctest */,
				3F6806B329CBBAF200B4F915 /* FakeNFTUITests.xctest */,
			);
			name = Products;
			sourceTree = "<group>";
		};
		3F68069529CBBAF100B4F915 /* FakeNFT */ = {
			isa = PBXGroup;
			children = (
				3F68069629CBBAF100B4F915 /* AppDelegate.swift */,
				3F68069829CBBAF100B4F915 /* SceneDelegate.swift */,
				053FA1492B8FF16700EBA3C2 /* Constants.swift */,
				3F478ECD29DB473000F6D39E /* DesignSystem */,
				053FA1582B9001BF00EBA3C2 /* Epics */,
				05B442952B7BF529009055C7 /* Foundation */,
				05B442962B7BF536009055C7 /* Services */,
				E1A1B9D82AA01C9700C3AFBC /* TabBar */,
				E1CD40DA2A96BE9B00BE7FE8 /* Resources */,
				3F6806A429CBBAF200B4F915 /* Info.plist */,
			);
			path = FakeNFT;
			sourceTree = "<group>";
		};
		3F6806AC29CBBAF200B4F915 /* FakeNFTTests */ = {
			isa = PBXGroup;
			children = (
				3F6806AD29CBBAF200B4F915 /* ExampleUnitTests.swift */,
			);
			path = FakeNFTTests;
			sourceTree = "<group>";
		};
		3F6806B629CBBAF200B4F915 /* FakeNFTUITests */ = {
			isa = PBXGroup;
			children = (
				3F6806B729CBBAF200B4F915 /* FakeNFTUITests.swift */,
			);
			path = FakeNFTUITests;
			sourceTree = "<group>";
		};
		3F6806C629CBBC4E00B4F915 /* Helpers */ = {
			isa = PBXGroup;
			children = (
				0C79EE6B2A76DE2E00EE90EA /* ProfileNetworkClient.swift */,
				0CFCB73F2A78002A0009A829 /* ProfileNFTsNetworkClient.swift */,
				05B442932B7BE15E009055C7 /* ProfileConstants.swift */,
				3F68069A29CBBAF100B4F915 /* ProfileSortOption.swift */,
				3FC8C38A29D242E90081F015 /* ProfileRequests.swift */,
				053FA1562B8FFBEF00EBA3C2 /* UserDefaultsManager.swift */,
			);
			path = Helpers;
			sourceTree = "<group>";
		};
		3F6806C929CBBCAF00B4F915 /* LikeService */ = {
			isa = PBXGroup;
			children = (
				05B442A32B7BF5E1009055C7 /* ProfileRequest.swift */,
				05B442A12B7BF5D9009055C7 /* ProfileModel.swift */,
				05B442A52B7BF5EB009055C7 /* SetLikesRequest.swift */,
				05B442A72B7BF5F8009055C7 /* ProfileNetworkService.swift */,
				05B442732B7BD8A7009055C7 /* LikeService.swift */,
			);
			path = LikeService;
			sourceTree = "<group>";
		};
		3F6806CE29CBBD1B00B4F915 /* BasketService */ = {
			isa = PBXGroup;
			children = (
				05B4429F2B7BF5CC009055C7 /* UIBlockingProgressHUD.swift */,
			);
			path = BasketService;
			sourceTree = "<group>";
		};
		3F6806CF29CBBDB100B4F915 /* NetworkClient */ = {
			isa = PBXGroup;
			children = (
				3F6806D029CBBE6B00B4F915 /* NetworkClient.swift */,
				3F6806D229CBBE9600B4F915 /* NetworkRequest.swift */,
				3F6806D429CBBEC700B4F915 /* NetworkTask.swift */,
				05B4429D2B7BF587009055C7 /* CellsReusingUtils.swift */,
				053FA14F2B8FF3E700EBA3C2 /* DateFormatters+Presets.swift */,
			);
			path = NetworkClient;
			sourceTree = "<group>";
		};
		3FC8C38F29D245250081F015 /* ProfileSummary */ = {
			isa = PBXGroup;
			children = (
				3FC8C39029D2453B0081F015 /* ProfileTableViewCell.swift */,
				0C79EE602A76DCD600EE90EA /* ProfileViewController.swift */,
				0C79EE622A76DD1900EE90EA /* ProfileViewPresenter.swift */,
				053FA1522B8FF77E00EBA3C2 /* ProfileProtocols.swift */,
				053FA1542B8FF78600EBA3C2 /* ProfileEditProtocols.swift */,
				0C79EE692A76DE1000EE90EA /* NFTsNetworkClientProtocol.swift */,
				0CFCB7432A7802440009A829 /* StringRepresentableEnum.swift */,
			);
			path = ProfileSummary;
			sourceTree = "<group>";
		};
		E19CD5A92A98B55900CA39A5 /* ProfileEdit */ = {
			isa = PBXGroup;
			children = (
				0CFCB7452A78064B0009A829 /* ProfileEditViewController.swift */,
				E19CD5AA2A98B56600CA39A5 /* ProfileEditPresenter.swift */,
			);
			path = ProfileEdit;
			sourceTree = "<group>";
		};
		E1A1B9D82AA01C9700C3AFBC /* TabBar */ = {
			isa = PBXGroup;
			children = (
				E1A1B9D92AA01CE400C3AFBC /* TabBar.swift */,
			);
			path = TabBar;
			sourceTree = "<group>";
		};
		E1CD40DA2A96BE9B00BE7FE8 /* Resources */ = {
			isa = PBXGroup;
			children = (
				3F68069F29CBBAF200B4F915 /* Assets.xcassets */,
				3F6806A129CBBAF200B4F915 /* LaunchScreen.storyboard */,
				E1CD40DB2A96BECC00BE7FE8 /* Localizable.strings */,
			);
			path = Resources;
			sourceTree = "<group>";
		};
/* End PBXGroup section */

/* Begin PBXNativeTarget section */
		3F68069229CBBAF100B4F915 /* FakeNFT */ = {
			isa = PBXNativeTarget;
			buildConfigurationList = 3F6806BD29CBBAF200B4F915 /* Build configuration list for PBXNativeTarget "FakeNFT" */;
			buildPhases = (
				3FC8C39529D24CDB0081F015 /* Swiftlint */,
				3F68068F29CBBAF100B4F915 /* Sources */,
				3F68069029CBBAF100B4F915 /* Frameworks */,
				3F68069129CBBAF100B4F915 /* Resources */,
			);
			buildRules = (
			);
			dependencies = (
			);
			name = FakeNFT;
			packageProductDependencies = (
				3F603CCC29DB4A53000C43D7 /* ProgressHUD */,
				3F603CCF29DB4A74000C43D7 /* Kingfisher */,
			);
			productName = FakeNFT;
			productReference = 3F68069329CBBAF100B4F915 /* FakeNFT.app */;
			productType = "com.apple.product-type.application";
		};
		3F6806A829CBBAF200B4F915 /* FakeNFTTests */ = {
			isa = PBXNativeTarget;
			buildConfigurationList = 3F6806C029CBBAF200B4F915 /* Build configuration list for PBXNativeTarget "FakeNFTTests" */;
			buildPhases = (
				3F6806A529CBBAF200B4F915 /* Sources */,
				3F6806A629CBBAF200B4F915 /* Frameworks */,
				3F6806A729CBBAF200B4F915 /* Resources */,
			);
			buildRules = (
			);
			dependencies = (
				3F6806AB29CBBAF200B4F915 /* PBXTargetDependency */,
			);
			name = FakeNFTTests;
			productName = FakeNFTTests;
			productReference = 3F6806A929CBBAF200B4F915 /* FakeNFTTests.xctest */;
			productType = "com.apple.product-type.bundle.unit-test";
		};
		3F6806B229CBBAF200B4F915 /* FakeNFTUITests */ = {
			isa = PBXNativeTarget;
			buildConfigurationList = 3F6806C329CBBAF200B4F915 /* Build configuration list for PBXNativeTarget "FakeNFTUITests" */;
			buildPhases = (
				3F6806AF29CBBAF200B4F915 /* Sources */,
				3F6806B029CBBAF200B4F915 /* Frameworks */,
				3F6806B129CBBAF200B4F915 /* Resources */,
			);
			buildRules = (
			);
			dependencies = (
				3F6806B529CBBAF200B4F915 /* PBXTargetDependency */,
			);
			name = FakeNFTUITests;
			productName = FakeNFTUITests;
			productReference = 3F6806B329CBBAF200B4F915 /* FakeNFTUITests.xctest */;
			productType = "com.apple.product-type.bundle.ui-testing";
		};
/* End PBXNativeTarget section */

/* Begin PBXProject section */
		3F68068B29CBBAF100B4F915 /* Project object */ = {
			isa = PBXProject;
			attributes = {
				BuildIndependentTargetsInParallel = 1;
				LastSwiftUpdateCheck = 1420;
				LastUpgradeCheck = 1420;
				TargetAttributes = {
					3F68069229CBBAF100B4F915 = {
						CreatedOnToolsVersion = 14.2;
					};
					3F6806A829CBBAF200B4F915 = {
						CreatedOnToolsVersion = 14.2;
						TestTargetID = 3F68069229CBBAF100B4F915;
					};
					3F6806B229CBBAF200B4F915 = {
						CreatedOnToolsVersion = 14.2;
						TestTargetID = 3F68069229CBBAF100B4F915;
					};
				};
			};
			buildConfigurationList = 3F68068E29CBBAF100B4F915 /* Build configuration list for PBXProject "FakeNFT" */;
			compatibilityVersion = "Xcode 14.0";
			developmentRegion = ru;
			hasScannedForEncodings = 0;
			knownRegions = (
				en,
				Base,
				ru,
			);
			mainGroup = 3F68068A29CBBAF100B4F915;
			packageReferences = (
				3F603CCB29DB4A53000C43D7 /* XCRemoteSwiftPackageReference "ProgressHUD" */,
				3F603CCE29DB4A74000C43D7 /* XCRemoteSwiftPackageReference "Kingfisher" */,
			);
			productRefGroup = 3F68069429CBBAF100B4F915 /* Products */;
			projectDirPath = "";
			projectRoot = "";
			targets = (
				3F68069229CBBAF100B4F915 /* FakeNFT */,
				3F6806A829CBBAF200B4F915 /* FakeNFTTests */,
				3F6806B229CBBAF200B4F915 /* FakeNFTUITests */,
			);
		};
/* End PBXProject section */

/* Begin PBXResourcesBuildPhase section */
		3F68069129CBBAF100B4F915 /* Resources */ = {
			isa = PBXResourcesBuildPhase;
			buildActionMask = 2147483647;
			files = (
				3F6806A329CBBAF200B4F915 /* LaunchScreen.storyboard in Resources */,
				E1CD40DC2A96BECC00BE7FE8 /* Localizable.strings in Resources */,
				3F6806A029CBBAF200B4F915 /* Assets.xcassets in Resources */,
			);
			runOnlyForDeploymentPostprocessing = 0;
		};
		3F6806A729CBBAF200B4F915 /* Resources */ = {
			isa = PBXResourcesBuildPhase;
			buildActionMask = 2147483647;
			files = (
			);
			runOnlyForDeploymentPostprocessing = 0;
		};
		3F6806B129CBBAF200B4F915 /* Resources */ = {
			isa = PBXResourcesBuildPhase;
			buildActionMask = 2147483647;
			files = (
			);
			runOnlyForDeploymentPostprocessing = 0;
		};
/* End PBXResourcesBuildPhase section */

/* Begin PBXShellScriptBuildPhase section */
		3FC8C39529D24CDB0081F015 /* Swiftlint */ = {
			isa = PBXShellScriptBuildPhase;
			buildActionMask = 2147483647;
			files = (
			);
			inputFileListPaths = (
			);
			inputPaths = (
			);
			name = Swiftlint;
			outputFileListPaths = (
			);
			outputPaths = (
			);
			runOnlyForDeploymentPostprocessing = 0;
			shellPath = /bin/sh;
			shellScript = "export PATH=\"$PATH:/opt/homebrew/bin\"\nif which swiftlint > /dev/null; then\n  swiftlint --fix && swiftlint\nelse\n  echo \"warning: SwiftLint not installed, download from https://github.com/realm/SwiftLint\"\nfi\n";
		};
/* End PBXShellScriptBuildPhase section */

/* Begin PBXSourcesBuildPhase section */
		3F68068F29CBBAF100B4F915 /* Sources */ = {
			isa = PBXSourcesBuildPhase;
			buildActionMask = 2147483647;
			files = (
				3FC8C38B29D242E90081F015 /* ProfileRequests.swift in Sources */,
				3F478ECF29DB474E00F6D39E /* Colors.swift in Sources */,
				0C79EE662A76DDFF00EE90EA /* MyNFTPresentationModel.swift in Sources */,
				E1A1B9DA2AA01CE400C3AFBC /* TabBar.swift in Sources */,
				05B442942B7BE15E009055C7 /* ProfileConstants.swift in Sources */,
				3F478ED129DB476500F6D39E /* Fonts.swift in Sources */,
				0C79EE6A2A76DE1000EE90EA /* NFTsNetworkClientProtocol.swift in Sources */,
				05B442742B7BD8A7009055C7 /* LikeService.swift in Sources */,
				053FA1502B8FF3E700EBA3C2 /* DateFormatters+Presets.swift in Sources */,
				053FA1532B8FF77E00EBA3C2 /* ProfileProtocols.swift in Sources */,
				05B442A42B7BF5E1009055C7 /* ProfileRequest.swift in Sources */,
				053FA14C2B8FF2C000EBA3C2 /* ColorsProfile.swift in Sources */,
				053FA1572B8FFBEF00EBA3C2 /* UserDefaultsManager.swift in Sources */,
				0C79EE682A76DE0900EE90EA /* EditableParameters.swift in Sources */,
				05B442832B7BDDB9009055C7 /* ProfileResponseModel.swift in Sources */,
				05B442902B7BDEBC009055C7 /* AlertPresenterProtocol.swift in Sources */,
				3F68069B29CBBAF100B4F915 /* ProfileSortOption.swift in Sources */,
				0CFCB7402A78002A0009A829 /* ProfileNFTsNetworkClient.swift in Sources */,
				05B442852B7BDDC4009055C7 /* NFTResponseModel.swift in Sources */,
				3F6806D529CBBEC700B4F915 /* NetworkTask.swift in Sources */,
				3F68069729CBBAF100B4F915 /* AppDelegate.swift in Sources */,
				05B4427F2B7BDDA9009055C7 /* UserAboutWebView.swift in Sources */,
				3F68069929CBBAF100B4F915 /* SceneDelegate.swift in Sources */,
				05B442872B7BDDD1009055C7 /* AuthorResponseModel.swift in Sources */,
				05B4427C2B7BD8E8009055C7 /* UIStackView+Extension.swift in Sources */,
				0C79EE6C2A76DE2E00EE90EA /* ProfileNetworkClient.swift in Sources */,
				05B4428E2B7BDEAD009055C7 /* AlertPresenter.swift in Sources */,
				05B442A22B7BF5D9009055C7 /* ProfileModel.swift in Sources */,
				05B442762B7BD8B0009055C7 /* EditedParameterLabel.swift in Sources */,
				053FA14E2B8FF30A00EBA3C2 /* Image.swift in Sources */,
				05B4429E2B7BF587009055C7 /* CellsReusingUtils.swift in Sources */,
				3FC8C39129D2453B0081F015 /* ProfileTableViewCell.swift in Sources */,
				053FA14A2B8FF16700EBA3C2 /* Constants.swift in Sources */,
				05B4428C2B7BDEA2009055C7 /* AlertActionModel.swift in Sources */,
				0CFCB7462A78064B0009A829 /* ProfileEditViewController.swift in Sources */,
				05B4427A2B7BD8DF009055C7 /* CustomTextView.swift in Sources */,
				05B442892B7BDDD9009055C7 /* MyNFTModel.swift in Sources */,
				05B442812B7BDDB1009055C7 /* EditableProfileModel.swift in Sources */,
				05B442A62B7BF5EB009055C7 /* SetLikesRequest.swift in Sources */,
				05B442A82B7BF5F8009055C7 /* ProfileNetworkService.swift in Sources */,
				053FA1552B8FF78600EBA3C2 /* ProfileEditProtocols.swift in Sources */,
				0C79EE612A76DCD600EE90EA /* ProfileViewController.swift in Sources */,
				E19CD5AB2A98B56600CA39A5 /* ProfileEditPresenter.swift in Sources */,
				3F6806D329CBBE9600B4F915 /* NetworkRequest.swift in Sources */,
				0CFCB7492A7808900009A829 /* UserAboutPresenter.swift in Sources */,
				3F6806D129CBBE6B00B4F915 /* NetworkClient.swift in Sources */,
				0CFCB7442A7802440009A829 /* StringRepresentableEnum.swift in Sources */,
				05B442782B7BD8B8009055C7 /* CustomTextField.swift in Sources */,
				053FA15B2B90020000EBA3C2 /* StatisticsViewController.swift in Sources */,
				053FA15E2B90022500EBA3C2 /* BasketViewController.swift in Sources */,
				05B442A02B7BF5CC009055C7 /* UIBlockingProgressHUD.swift in Sources */,
				0C79EE632A76DD1900EE90EA /* ProfileViewPresenter.swift in Sources */,
			);
			runOnlyForDeploymentPostprocessing = 0;
		};
		3F6806A529CBBAF200B4F915 /* Sources */ = {
			isa = PBXSourcesBuildPhase;
			buildActionMask = 2147483647;
			files = (
				3F6806AE29CBBAF200B4F915 /* ExampleUnitTests.swift in Sources */,
			);
			runOnlyForDeploymentPostprocessing = 0;
		};
		3F6806AF29CBBAF200B4F915 /* Sources */ = {
			isa = PBXSourcesBuildPhase;
			buildActionMask = 2147483647;
			files = (
				3F6806B829CBBAF200B4F915 /* FakeNFTUITests.swift in Sources */,
			);
			runOnlyForDeploymentPostprocessing = 0;
		};
/* End PBXSourcesBuildPhase section */

/* Begin PBXTargetDependency section */
		3F6806AB29CBBAF200B4F915 /* PBXTargetDependency */ = {
			isa = PBXTargetDependency;
			target = 3F68069229CBBAF100B4F915 /* FakeNFT */;
			targetProxy = 3F6806AA29CBBAF200B4F915 /* PBXContainerItemProxy */;
		};
		3F6806B529CBBAF200B4F915 /* PBXTargetDependency */ = {
			isa = PBXTargetDependency;
			target = 3F68069229CBBAF100B4F915 /* FakeNFT */;
			targetProxy = 3F6806B429CBBAF200B4F915 /* PBXContainerItemProxy */;
		};
/* End PBXTargetDependency section */

/* Begin PBXVariantGroup section */
		3F6806A129CBBAF200B4F915 /* LaunchScreen.storyboard */ = {
			isa = PBXVariantGroup;
			children = (
				3F6806A229CBBAF200B4F915 /* Base */,
				E1CD40D92A96BE7D00BE7FE8 /* ru */,
			);
			name = LaunchScreen.storyboard;
			sourceTree = "<group>";
		};
/* End PBXVariantGroup section */

/* Begin XCBuildConfiguration section */
		3F6806BB29CBBAF200B4F915 /* Debug */ = {
			isa = XCBuildConfiguration;
			buildSettings = {
				ALWAYS_SEARCH_USER_PATHS = NO;
				CLANG_ANALYZER_LOCALIZABILITY_NONLOCALIZED = YES;
				CLANG_ANALYZER_NONNULL = YES;
				CLANG_ANALYZER_NUMBER_OBJECT_CONVERSION = YES_AGGRESSIVE;
				CLANG_CXX_LANGUAGE_STANDARD = "gnu++20";
				CLANG_ENABLE_MODULES = YES;
				CLANG_ENABLE_OBJC_ARC = YES;
				CLANG_ENABLE_OBJC_WEAK = YES;
				CLANG_WARN_BLOCK_CAPTURE_AUTORELEASING = YES;
				CLANG_WARN_BOOL_CONVERSION = YES;
				CLANG_WARN_COMMA = YES;
				CLANG_WARN_CONSTANT_CONVERSION = YES;
				CLANG_WARN_DEPRECATED_OBJC_IMPLEMENTATIONS = YES;
				CLANG_WARN_DIRECT_OBJC_ISA_USAGE = YES_ERROR;
				CLANG_WARN_DOCUMENTATION_COMMENTS = YES;
				CLANG_WARN_EMPTY_BODY = YES;
				CLANG_WARN_ENUM_CONVERSION = YES;
				CLANG_WARN_INFINITE_RECURSION = YES;
				CLANG_WARN_INT_CONVERSION = YES;
				CLANG_WARN_NON_LITERAL_NULL_CONVERSION = YES;
				CLANG_WARN_OBJC_IMPLICIT_RETAIN_SELF = YES;
				CLANG_WARN_OBJC_LITERAL_CONVERSION = YES;
				CLANG_WARN_OBJC_ROOT_CLASS = YES_ERROR;
				CLANG_WARN_QUOTED_INCLUDE_IN_FRAMEWORK_HEADER = YES;
				CLANG_WARN_RANGE_LOOP_ANALYSIS = YES;
				CLANG_WARN_STRICT_PROTOTYPES = YES;
				CLANG_WARN_SUSPICIOUS_MOVE = YES;
				CLANG_WARN_UNGUARDED_AVAILABILITY = YES_AGGRESSIVE;
				CLANG_WARN_UNREACHABLE_CODE = YES;
				CLANG_WARN__DUPLICATE_METHOD_MATCH = YES;
				COPY_PHASE_STRIP = NO;
				DEBUG_INFORMATION_FORMAT = dwarf;
				ENABLE_STRICT_OBJC_MSGSEND = YES;
				ENABLE_TESTABILITY = YES;
				GCC_C_LANGUAGE_STANDARD = gnu11;
				GCC_DYNAMIC_NO_PIC = NO;
				GCC_NO_COMMON_BLOCKS = YES;
				GCC_OPTIMIZATION_LEVEL = 0;
				GCC_PREPROCESSOR_DEFINITIONS = (
					"DEBUG=1",
					"$(inherited)",
				);
				GCC_WARN_64_TO_32_BIT_CONVERSION = YES;
				GCC_WARN_ABOUT_RETURN_TYPE = YES_ERROR;
				GCC_WARN_UNDECLARED_SELECTOR = YES;
				GCC_WARN_UNINITIALIZED_AUTOS = YES_AGGRESSIVE;
				GCC_WARN_UNUSED_FUNCTION = YES;
				GCC_WARN_UNUSED_VARIABLE = YES;
				IPHONEOS_DEPLOYMENT_TARGET = 13.0;
				MTL_ENABLE_DEBUG_INFO = INCLUDE_SOURCE;
				MTL_FAST_MATH = YES;
				ONLY_ACTIVE_ARCH = YES;
				SDKROOT = iphoneos;
				SWIFT_ACTIVE_COMPILATION_CONDITIONS = DEBUG;
				SWIFT_OPTIMIZATION_LEVEL = "-Onone";
			};
			name = Debug;
		};
		3F6806BC29CBBAF200B4F915 /* Release */ = {
			isa = XCBuildConfiguration;
			buildSettings = {
				ALWAYS_SEARCH_USER_PATHS = NO;
				CLANG_ANALYZER_LOCALIZABILITY_NONLOCALIZED = YES;
				CLANG_ANALYZER_NONNULL = YES;
				CLANG_ANALYZER_NUMBER_OBJECT_CONVERSION = YES_AGGRESSIVE;
				CLANG_CXX_LANGUAGE_STANDARD = "gnu++20";
				CLANG_ENABLE_MODULES = YES;
				CLANG_ENABLE_OBJC_ARC = YES;
				CLANG_ENABLE_OBJC_WEAK = YES;
				CLANG_WARN_BLOCK_CAPTURE_AUTORELEASING = YES;
				CLANG_WARN_BOOL_CONVERSION = YES;
				CLANG_WARN_COMMA = YES;
				CLANG_WARN_CONSTANT_CONVERSION = YES;
				CLANG_WARN_DEPRECATED_OBJC_IMPLEMENTATIONS = YES;
				CLANG_WARN_DIRECT_OBJC_ISA_USAGE = YES_ERROR;
				CLANG_WARN_DOCUMENTATION_COMMENTS = YES;
				CLANG_WARN_EMPTY_BODY = YES;
				CLANG_WARN_ENUM_CONVERSION = YES;
				CLANG_WARN_INFINITE_RECURSION = YES;
				CLANG_WARN_INT_CONVERSION = YES;
				CLANG_WARN_NON_LITERAL_NULL_CONVERSION = YES;
				CLANG_WARN_OBJC_IMPLICIT_RETAIN_SELF = YES;
				CLANG_WARN_OBJC_LITERAL_CONVERSION = YES;
				CLANG_WARN_OBJC_ROOT_CLASS = YES_ERROR;
				CLANG_WARN_QUOTED_INCLUDE_IN_FRAMEWORK_HEADER = YES;
				CLANG_WARN_RANGE_LOOP_ANALYSIS = YES;
				CLANG_WARN_STRICT_PROTOTYPES = YES;
				CLANG_WARN_SUSPICIOUS_MOVE = YES;
				CLANG_WARN_UNGUARDED_AVAILABILITY = YES_AGGRESSIVE;
				CLANG_WARN_UNREACHABLE_CODE = YES;
				CLANG_WARN__DUPLICATE_METHOD_MATCH = YES;
				COPY_PHASE_STRIP = NO;
				DEBUG_INFORMATION_FORMAT = "dwarf-with-dsym";
				ENABLE_NS_ASSERTIONS = NO;
				ENABLE_STRICT_OBJC_MSGSEND = YES;
				GCC_C_LANGUAGE_STANDARD = gnu11;
				GCC_NO_COMMON_BLOCKS = YES;
				GCC_WARN_64_TO_32_BIT_CONVERSION = YES;
				GCC_WARN_ABOUT_RETURN_TYPE = YES_ERROR;
				GCC_WARN_UNDECLARED_SELECTOR = YES;
				GCC_WARN_UNINITIALIZED_AUTOS = YES_AGGRESSIVE;
				GCC_WARN_UNUSED_FUNCTION = YES;
				GCC_WARN_UNUSED_VARIABLE = YES;
				IPHONEOS_DEPLOYMENT_TARGET = 13.0;
				MTL_ENABLE_DEBUG_INFO = NO;
				MTL_FAST_MATH = YES;
				SDKROOT = iphoneos;
				SWIFT_COMPILATION_MODE = wholemodule;
				SWIFT_OPTIMIZATION_LEVEL = "-O";
				VALIDATE_PRODUCT = YES;
			};
			name = Release;
		};
		3F6806BE29CBBAF200B4F915 /* Debug */ = {
			isa = XCBuildConfiguration;
			buildSettings = {
				ASSETCATALOG_COMPILER_APPICON_NAME = AppIcon;
				ASSETCATALOG_COMPILER_GLOBAL_ACCENT_COLOR_NAME = AccentColor;
				CODE_SIGN_STYLE = Automatic;
				CURRENT_PROJECT_VERSION = 1;
				DEVELOPMENT_TEAM = "";
				GENERATE_INFOPLIST_FILE = YES;
				INFOPLIST_FILE = FakeNFT/Info.plist;
				INFOPLIST_KEY_UIApplicationSupportsIndirectInputEvents = YES;
				INFOPLIST_KEY_UILaunchStoryboardName = LaunchScreen;
				INFOPLIST_KEY_UISupportedInterfaceOrientations = UIInterfaceOrientationPortrait;
				IPHONEOS_DEPLOYMENT_TARGET = 13.0;
				LD_RUNPATH_SEARCH_PATHS = (
					"$(inherited)",
					"@executable_path/Frameworks",
				);
				MARKETING_VERSION = 1.0;
				PRODUCT_BUNDLE_IDENTIFIER = com.practicum.FakeNFT;
				PRODUCT_NAME = "$(TARGET_NAME)";
				SWIFT_EMIT_LOC_STRINGS = YES;
				SWIFT_VERSION = 5.0;
				TARGETED_DEVICE_FAMILY = "1,2";
			};
			name = Debug;
		};
		3F6806BF29CBBAF200B4F915 /* Release */ = {
			isa = XCBuildConfiguration;
			buildSettings = {
				ASSETCATALOG_COMPILER_APPICON_NAME = AppIcon;
				ASSETCATALOG_COMPILER_GLOBAL_ACCENT_COLOR_NAME = AccentColor;
				CODE_SIGN_STYLE = Automatic;
				CURRENT_PROJECT_VERSION = 1;
				DEVELOPMENT_TEAM = "";
				GENERATE_INFOPLIST_FILE = YES;
				INFOPLIST_FILE = FakeNFT/Info.plist;
				INFOPLIST_KEY_UIApplicationSupportsIndirectInputEvents = YES;
				INFOPLIST_KEY_UILaunchStoryboardName = LaunchScreen;
				INFOPLIST_KEY_UISupportedInterfaceOrientations = UIInterfaceOrientationPortrait;
				IPHONEOS_DEPLOYMENT_TARGET = 13.0;
				LD_RUNPATH_SEARCH_PATHS = (
					"$(inherited)",
					"@executable_path/Frameworks",
				);
				MARKETING_VERSION = 1.0;
				PRODUCT_BUNDLE_IDENTIFIER = com.practicum.FakeNFT;
				PRODUCT_NAME = "$(TARGET_NAME)";
				SWIFT_EMIT_LOC_STRINGS = YES;
				SWIFT_VERSION = 5.0;
				TARGETED_DEVICE_FAMILY = "1,2";
			};
			name = Release;
		};
		3F6806C129CBBAF200B4F915 /* Debug */ = {
			isa = XCBuildConfiguration;
			buildSettings = {
				ALWAYS_EMBED_SWIFT_STANDARD_LIBRARIES = YES;
				BUNDLE_LOADER = "$(TEST_HOST)";
				CODE_SIGN_STYLE = Automatic;
				CURRENT_PROJECT_VERSION = 1;
				GENERATE_INFOPLIST_FILE = YES;
				IPHONEOS_DEPLOYMENT_TARGET = 16.2;
				MARKETING_VERSION = 1.0;
				PRODUCT_BUNDLE_IDENTIFIER = com.practicum.FakeNFTTests;
				PRODUCT_NAME = "$(TARGET_NAME)";
				SWIFT_EMIT_LOC_STRINGS = NO;
				SWIFT_VERSION = 5.0;
				TARGETED_DEVICE_FAMILY = "1,2";
				TEST_HOST = "$(BUILT_PRODUCTS_DIR)/FakeNFT.app/$(BUNDLE_EXECUTABLE_FOLDER_PATH)/FakeNFT";
			};
			name = Debug;
		};
		3F6806C229CBBAF200B4F915 /* Release */ = {
			isa = XCBuildConfiguration;
			buildSettings = {
				ALWAYS_EMBED_SWIFT_STANDARD_LIBRARIES = YES;
				BUNDLE_LOADER = "$(TEST_HOST)";
				CODE_SIGN_STYLE = Automatic;
				CURRENT_PROJECT_VERSION = 1;
				GENERATE_INFOPLIST_FILE = YES;
				IPHONEOS_DEPLOYMENT_TARGET = 16.2;
				MARKETING_VERSION = 1.0;
				PRODUCT_BUNDLE_IDENTIFIER = com.practicum.FakeNFTTests;
				PRODUCT_NAME = "$(TARGET_NAME)";
				SWIFT_EMIT_LOC_STRINGS = NO;
				SWIFT_VERSION = 5.0;
				TARGETED_DEVICE_FAMILY = "1,2";
				TEST_HOST = "$(BUILT_PRODUCTS_DIR)/FakeNFT.app/$(BUNDLE_EXECUTABLE_FOLDER_PATH)/FakeNFT";
			};
			name = Release;
		};
		3F6806C429CBBAF200B4F915 /* Debug */ = {
			isa = XCBuildConfiguration;
			buildSettings = {
				ALWAYS_EMBED_SWIFT_STANDARD_LIBRARIES = YES;
				CODE_SIGN_STYLE = Automatic;
				CURRENT_PROJECT_VERSION = 1;
				GENERATE_INFOPLIST_FILE = YES;
				MARKETING_VERSION = 1.0;
				PRODUCT_BUNDLE_IDENTIFIER = com.practicum.FakeNFTUITests;
				PRODUCT_NAME = "$(TARGET_NAME)";
				SWIFT_EMIT_LOC_STRINGS = NO;
				SWIFT_VERSION = 5.0;
				TARGETED_DEVICE_FAMILY = "1,2";
				TEST_TARGET_NAME = FakeNFT;
			};
			name = Debug;
		};
		3F6806C529CBBAF200B4F915 /* Release */ = {
			isa = XCBuildConfiguration;
			buildSettings = {
				ALWAYS_EMBED_SWIFT_STANDARD_LIBRARIES = YES;
				CODE_SIGN_STYLE = Automatic;
				CURRENT_PROJECT_VERSION = 1;
				GENERATE_INFOPLIST_FILE = YES;
				MARKETING_VERSION = 1.0;
				PRODUCT_BUNDLE_IDENTIFIER = com.practicum.FakeNFTUITests;
				PRODUCT_NAME = "$(TARGET_NAME)";
				SWIFT_EMIT_LOC_STRINGS = NO;
				SWIFT_VERSION = 5.0;
				TARGETED_DEVICE_FAMILY = "1,2";
				TEST_TARGET_NAME = FakeNFT;
			};
			name = Release;
		};
/* End XCBuildConfiguration section */

/* Begin XCConfigurationList section */
		3F68068E29CBBAF100B4F915 /* Build configuration list for PBXProject "FakeNFT" */ = {
			isa = XCConfigurationList;
			buildConfigurations = (
				3F6806BB29CBBAF200B4F915 /* Debug */,
				3F6806BC29CBBAF200B4F915 /* Release */,
			);
			defaultConfigurationIsVisible = 0;
			defaultConfigurationName = Release;
		};
		3F6806BD29CBBAF200B4F915 /* Build configuration list for PBXNativeTarget "FakeNFT" */ = {
			isa = XCConfigurationList;
			buildConfigurations = (
				3F6806BE29CBBAF200B4F915 /* Debug */,
				3F6806BF29CBBAF200B4F915 /* Release */,
			);
			defaultConfigurationIsVisible = 0;
			defaultConfigurationName = Release;
		};
		3F6806C029CBBAF200B4F915 /* Build configuration list for PBXNativeTarget "FakeNFTTests" */ = {
			isa = XCConfigurationList;
			buildConfigurations = (
				3F6806C129CBBAF200B4F915 /* Debug */,
				3F6806C229CBBAF200B4F915 /* Release */,
			);
			defaultConfigurationIsVisible = 0;
			defaultConfigurationName = Release;
		};
		3F6806C329CBBAF200B4F915 /* Build configuration list for PBXNativeTarget "FakeNFTUITests" */ = {
			isa = XCConfigurationList;
			buildConfigurations = (
				3F6806C429CBBAF200B4F915 /* Debug */,
				3F6806C529CBBAF200B4F915 /* Release */,
			);
			defaultConfigurationIsVisible = 0;
			defaultConfigurationName = Release;
		};
/* End XCConfigurationList section */

/* Begin XCRemoteSwiftPackageReference section */
		3F603CCB29DB4A53000C43D7 /* XCRemoteSwiftPackageReference "ProgressHUD" */ = {
			isa = XCRemoteSwiftPackageReference;
			repositoryURL = "https://github.com/relatedcode/ProgressHUD";
			requirement = {
				kind = upToNextMajorVersion;
				minimumVersion = 13.0.0;
			};
		};
		3F603CCE29DB4A74000C43D7 /* XCRemoteSwiftPackageReference "Kingfisher" */ = {
			isa = XCRemoteSwiftPackageReference;
			repositoryURL = "https://github.com/onevcat/Kingfisher.git";
			requirement = {
				kind = upToNextMajorVersion;
				minimumVersion = 7.0.0;
			};
		};
/* End XCRemoteSwiftPackageReference section */

/* Begin XCSwiftPackageProductDependency section */
		3F603CCC29DB4A53000C43D7 /* ProgressHUD */ = {
			isa = XCSwiftPackageProductDependency;
			package = 3F603CCB29DB4A53000C43D7 /* XCRemoteSwiftPackageReference "ProgressHUD" */;
			productName = ProgressHUD;
		};
		3F603CCF29DB4A74000C43D7 /* Kingfisher */ = {
			isa = XCSwiftPackageProductDependency;
			package = 3F603CCE29DB4A74000C43D7 /* XCRemoteSwiftPackageReference "Kingfisher" */;
			productName = Kingfisher;
		};
/* End XCSwiftPackageProductDependency section */
	};
	rootObject = 3F68068B29CBBAF100B4F915 /* Project object */;
}
